// !$*UTF8*$!
{
	archiveVersion = 1;
	classes = {
	};
	objectVersion = 56;
	objects = {

/* Begin PBXBuildFile section */
		2AC8E4142BAB3E4000781A9B /* AppDelegate.swift in Sources */ = {isa = PBXBuildFile; fileRef = 2AC8E4132BAB3E4000781A9B /* AppDelegate.swift */; };
		2AC8E4162BAB3E4000781A9B /* SceneDelegate.swift in Sources */ = {isa = PBXBuildFile; fileRef = 2AC8E4152BAB3E4000781A9B /* SceneDelegate.swift */; };
		2AC8E4182BAB3E4000781A9B /* ViewController.swift in Sources */ = {isa = PBXBuildFile; fileRef = 2AC8E4172BAB3E4000781A9B /* ViewController.swift */; };
		2AC8E41B2BAB3E4000781A9B /* Base in Resources */ = {isa = PBXBuildFile; fileRef = 2AC8E41A2BAB3E4000781A9B /* Base */; };
		2AC8E41D2BAB3E4200781A9B /* Assets.xcassets in Resources */ = {isa = PBXBuildFile; fileRef = 2AC8E41C2BAB3E4200781A9B /* Assets.xcassets */; };
		2AC8E4202BAB3E4200781A9B /* Base in Resources */ = {isa = PBXBuildFile; fileRef = 2AC8E41F2BAB3E4200781A9B /* Base */; };
		2AC8E42B2BAB3E4200781A9B /* gato_3Tests.swift in Sources */ = {isa = PBXBuildFile; fileRef = 2AC8E42A2BAB3E4200781A9B /* gato_3Tests.swift */; };
		2AC8E4352BAB3E4200781A9B /* gato_3UITests.swift in Sources */ = {isa = PBXBuildFile; fileRef = 2AC8E4342BAB3E4200781A9B /* gato_3UITests.swift */; };
		2AC8E4372BAB3E4200781A9B /* gato_3UITestsLaunchTests.swift in Sources */ = {isa = PBXBuildFile; fileRef = 2AC8E4362BAB3E4200781A9B /* gato_3UITestsLaunchTests.swift */; };
/* End PBXBuildFile section */

/* Begin PBXContainerItemProxy section */
		2AC8E4272BAB3E4200781A9B /* PBXContainerItemProxy */ = {
			isa = PBXContainerItemProxy;
			containerPortal = 2AC8E4082BAB3E4000781A9B /* Project object */;
			proxyType = 1;
			remoteGlobalIDString = 2AC8E40F2BAB3E4000781A9B;
			remoteInfo = "gato 3";
		};
		2AC8E4312BAB3E4200781A9B /* PBXContainerItemProxy */ = {
			isa = PBXContainerItemProxy;
			containerPortal = 2AC8E4082BAB3E4000781A9B /* Project object */;
			proxyType = 1;
			remoteGlobalIDString = 2AC8E40F2BAB3E4000781A9B;
			remoteInfo = "gato 3";
		};
/* End PBXContainerItemProxy section */

/* Begin PBXFileReference section */
		2AC8E4102BAB3E4000781A9B /* gato 3.app */ = {isa = PBXFileReference; explicitFileType = wrapper.application; includeInIndex = 0; path = "gato 3.app"; sourceTree = BUILT_PRODUCTS_DIR; };
		2AC8E4132BAB3E4000781A9B /* AppDelegate.swift */ = {isa = PBXFileReference; lastKnownFileType = sourcecode.swift; path = AppDelegate.swift; sourceTree = "<group>"; };
		2AC8E4152BAB3E4000781A9B /* SceneDelegate.swift */ = {isa = PBXFileReference; lastKnownFileType = sourcecode.swift; path = SceneDelegate.swift; sourceTree = "<group>"; };
		2AC8E4172BAB3E4000781A9B /* ViewController.swift */ = {isa = PBXFileReference; lastKnownFileType = sourcecode.swift; path = ViewController.swift; sourceTree = "<group>"; };
		2AC8E41A2BAB3E4000781A9B /* Base */ = {isa = PBXFileReference; lastKnownFileType = file.storyboard; name = Base; path = Base.lproj/Main.storyboard; sourceTree = "<group>"; };
		2AC8E41C2BAB3E4200781A9B /* Assets.xcassets */ = {isa = PBXFileReference; lastKnownFileType = folder.assetcatalog; path = Assets.xcassets; sourceTree = "<group>"; };
		2AC8E41F2BAB3E4200781A9B /* Base */ = {isa = PBXFileReference; lastKnownFileType = file.storyboard; name = Base; path = Base.lproj/LaunchScreen.storyboard; sourceTree = "<group>"; };
		2AC8E4212BAB3E4200781A9B /* Info.plist */ = {isa = PBXFileReference; lastKnownFileType = text.plist.xml; path = Info.plist; sourceTree = "<group>"; };
		2AC8E4262BAB3E4200781A9B /* gato 3Tests.xctest */ = {isa = PBXFileReference; explicitFileType = wrapper.cfbundle; includeInIndex = 0; path = "gato 3Tests.xctest"; sourceTree = BUILT_PRODUCTS_DIR; };
		2AC8E42A2BAB3E4200781A9B /* gato_3Tests.swift */ = {isa = PBXFileReference; lastKnownFileType = sourcecode.swift; path = gato_3Tests.swift; sourceTree = "<group>"; };
		2AC8E4302BAB3E4200781A9B /* gato 3UITests.xctest */ = {isa = PBXFileReference; explicitFileType = wrapper.cfbundle; includeInIndex = 0; path = "gato 3UITests.xctest"; sourceTree = BUILT_PRODUCTS_DIR; };
		2AC8E4342BAB3E4200781A9B /* gato_3UITests.swift */ = {isa = PBXFileReference; lastKnownFileType = sourcecode.swift; path = gato_3UITests.swift; sourceTree = "<group>"; };
		2AC8E4362BAB3E4200781A9B /* gato_3UITestsLaunchTests.swift */ = {isa = PBXFileReference; lastKnownFileType = sourcecode.swift; path = gato_3UITestsLaunchTests.swift; sourceTree = "<group>"; };
/* End PBXFileReference section */

/* Begin PBXFrameworksBuildPhase section */
		2AC8E40D2BAB3E4000781A9B /* Frameworks */ = {
			isa = PBXFrameworksBuildPhase;
			buildActionMask = 2147483647;
			files = (
			);
			runOnlyForDeploymentPostprocessing = 0;
		};
		2AC8E4232BAB3E4200781A9B /* Frameworks */ = {
			isa = PBXFrameworksBuildPhase;
			buildActionMask = 2147483647;
			files = (
			);
			runOnlyForDeploymentPostprocessing = 0;
		};
		2AC8E42D2BAB3E4200781A9B /* Frameworks */ = {
			isa = PBXFrameworksBuildPhase;
			buildActionMask = 2147483647;
			files = (
			);
			runOnlyForDeploymentPostprocessing = 0;
		};
/* End PBXFrameworksBuildPhase section */

/* Begin PBXGroup section */
		2AC8E4072BAB3E4000781A9B = {
			isa = PBXGroup;
			children = (
				2AC8E4122BAB3E4000781A9B /* gato 3 */,
				2AC8E4292BAB3E4200781A9B /* gato 3Tests */,
				2AC8E4332BAB3E4200781A9B /* gato 3UITests */,
				2AC8E4112BAB3E4000781A9B /* Products */,
			);
			sourceTree = "<group>";
		};
		2AC8E4112BAB3E4000781A9B /* Products */ = {
			isa = PBXGroup;
			children = (
				2AC8E4102BAB3E4000781A9B /* gato 3.app */,
				2AC8E4262BAB3E4200781A9B /* gato 3Tests.xctest */,
				2AC8E4302BAB3E4200781A9B /* gato 3UITests.xctest */,
			);
			name = Products;
			sourceTree = "<group>";
		};
		2AC8E4122BAB3E4000781A9B /* gato 3 */ = {
			isa = PBXGroup;
			children = (
				2AC8E4132BAB3E4000781A9B /* AppDelegate.swift */,
				2AC8E4152BAB3E4000781A9B /* SceneDelegate.swift */,
				2AC8E4172BAB3E4000781A9B /* ViewController.swift */,
				2AC8E4192BAB3E4000781A9B /* Main.storyboard */,
				2AC8E41C2BAB3E4200781A9B /* Assets.xcassets */,
				2AC8E41E2BAB3E4200781A9B /* LaunchScreen.storyboard */,
				2AC8E4212BAB3E4200781A9B /* Info.plist */,
			);
			path = "gato 3";
			sourceTree = "<group>";
		};
		2AC8E4292BAB3E4200781A9B /* gato 3Tests */ = {
			isa = PBXGroup;
			children = (
				2AC8E42A2BAB3E4200781A9B /* gato_3Tests.swift */,
			);
			path = "gato 3Tests";
			sourceTree = "<group>";
		};
		2AC8E4332BAB3E4200781A9B /* gato 3UITests */ = {
			isa = PBXGroup;
			children = (
				2AC8E4342BAB3E4200781A9B /* gato_3UITests.swift */,
				2AC8E4362BAB3E4200781A9B /* gato_3UITestsLaunchTests.swift */,
			);
			path = "gato 3UITests";
			sourceTree = "<group>";
		};
/* End PBXGroup section */

/* Begin PBXNativeTarget section */
		2AC8E40F2BAB3E4000781A9B /* gato 3 */ = {
			isa = PBXNativeTarget;
			buildConfigurationList = 2AC8E43A2BAB3E4200781A9B /* Build configuration list for PBXNativeTarget "gato 3" */;
			buildPhases = (
				2AC8E40C2BAB3E4000781A9B /* Sources */,
				2AC8E40D2BAB3E4000781A9B /* Frameworks */,
				2AC8E40E2BAB3E4000781A9B /* Resources */,
			);
			buildRules = (
			);
			dependencies = (
			);
			name = "gato 3";
			productName = "gato 3";
			productReference = 2AC8E4102BAB3E4000781A9B /* gato 3.app */;
			productType = "com.apple.product-type.application";
		};
		2AC8E4252BAB3E4200781A9B /* gato 3Tests */ = {
			isa = PBXNativeTarget;
			buildConfigurationList = 2AC8E43D2BAB3E4200781A9B /* Build configuration list for PBXNativeTarget "gato 3Tests" */;
			buildPhases = (
				2AC8E4222BAB3E4200781A9B /* Sources */,
				2AC8E4232BAB3E4200781A9B /* Frameworks */,
				2AC8E4242BAB3E4200781A9B /* Resources */,
			);
			buildRules = (
			);
			dependencies = (
				2AC8E4282BAB3E4200781A9B /* PBXTargetDependency */,
			);
			name = "gato 3Tests";
			productName = "gato 3Tests";
			productReference = 2AC8E4262BAB3E4200781A9B /* gato 3Tests.xctest */;
			productType = "com.apple.product-type.bundle.unit-test";
		};
		2AC8E42F2BAB3E4200781A9B /* gato 3UITests */ = {
			isa = PBXNativeTarget;
			buildConfigurationList = 2AC8E4402BAB3E4200781A9B /* Build configuration list for PBXNativeTarget "gato 3UITests" */;
			buildPhases = (
				2AC8E42C2BAB3E4200781A9B /* Sources */,
				2AC8E42D2BAB3E4200781A9B /* Frameworks */,
				2AC8E42E2BAB3E4200781A9B /* Resources */,
			);
			buildRules = (
			);
			dependencies = (
				2AC8E4322BAB3E4200781A9B /* PBXTargetDependency */,
			);
			name = "gato 3UITests";
			productName = "gato 3UITests";
			productReference = 2AC8E4302BAB3E4200781A9B /* gato 3UITests.xctest */;
			productType = "com.apple.product-type.bundle.ui-testing";
		};
/* End PBXNativeTarget section */

/* Begin PBXProject section */
		2AC8E4082BAB3E4000781A9B /* Project object */ = {
			isa = PBXProject;
			attributes = {
				BuildIndependentTargetsInParallel = 1;
				LastSwiftUpdateCheck = 1530;
				LastUpgradeCheck = 1530;
				TargetAttributes = {
					2AC8E40F2BAB3E4000781A9B = {
						CreatedOnToolsVersion = 15.3;
					};
					2AC8E4252BAB3E4200781A9B = {
						CreatedOnToolsVersion = 15.3;
						TestTargetID = 2AC8E40F2BAB3E4000781A9B;
					};
					2AC8E42F2BAB3E4200781A9B = {
						CreatedOnToolsVersion = 15.3;
						TestTargetID = 2AC8E40F2BAB3E4000781A9B;
					};
				};
			};
			buildConfigurationList = 2AC8E40B2BAB3E4000781A9B /* Build configuration list for PBXProject "gato 3" */;
			compatibilityVersion = "Xcode 14.0";
			developmentRegion = en;
			hasScannedForEncodings = 0;
			knownRegions = (
				en,
				Base,
			);
			mainGroup = 2AC8E4072BAB3E4000781A9B;
			productRefGroup = 2AC8E4112BAB3E4000781A9B /* Products */;
			projectDirPath = "";
			projectRoot = "";
			targets = (
				2AC8E40F2BAB3E4000781A9B /* gato 3 */,
				2AC8E4252BAB3E4200781A9B /* gato 3Tests */,
				2AC8E42F2BAB3E4200781A9B /* gato 3UITests */,
			);
		};
/* End PBXProject section */

/* Begin PBXResourcesBuildPhase section */
		2AC8E40E2BAB3E4000781A9B /* Resources */ = {
			isa = PBXResourcesBuildPhase;
			buildActionMask = 2147483647;
			files = (
				2AC8E41D2BAB3E4200781A9B /* Assets.xcassets in Resources */,
				2AC8E4202BAB3E4200781A9B /* Base in Resources */,
				2AC8E41B2BAB3E4000781A9B /* Base in Resources */,
			);
			runOnlyForDeploymentPostprocessing = 0;
		};
		2AC8E4242BAB3E4200781A9B /* Resources */ = {
			isa = PBXResourcesBuildPhase;
			buildActionMask = 2147483647;
			files = (
			);
			runOnlyForDeploymentPostprocessing = 0;
		};
		2AC8E42E2BAB3E4200781A9B /* Resources */ = {
			isa = PBXResourcesBuildPhase;
			buildActionMask = 2147483647;
			files = (
			);
			runOnlyForDeploymentPostprocessing = 0;
		};
/* End PBXResourcesBuildPhase section */

/* Begin PBXSourcesBuildPhase section */
		2AC8E40C2BAB3E4000781A9B /* Sources */ = {
			isa = PBXSourcesBuildPhase;
			buildActionMask = 2147483647;
			files = (
				2AC8E4182BAB3E4000781A9B /* ViewController.swift in Sources */,
				2AC8E4142BAB3E4000781A9B /* AppDelegate.swift in Sources */,
				2AC8E4162BAB3E4000781A9B /* SceneDelegate.swift in Sources */,
			);
			runOnlyForDeploymentPostprocessing = 0;
		};
		2AC8E4222BAB3E4200781A9B /* Sources */ = {
			isa = PBXSourcesBuildPhase;
			buildActionMask = 2147483647;
			files = (
				2AC8E42B2BAB3E4200781A9B /* gato_3Tests.swift in Sources */,
			);
			runOnlyForDeploymentPostprocessing = 0;
		};
		2AC8E42C2BAB3E4200781A9B /* Sources */ = {
			isa = PBXSourcesBuildPhase;
			buildActionMask = 2147483647;
			files = (
				2AC8E4352BAB3E4200781A9B /* gato_3UITests.swift in Sources */,
				2AC8E4372BAB3E4200781A9B /* gato_3UITestsLaunchTests.swift in Sources */,
			);
			runOnlyForDeploymentPostprocessing = 0;
		};
/* End PBXSourcesBuildPhase section */

/* Begin PBXTargetDependency section */
		2AC8E4282BAB3E4200781A9B /* PBXTargetDependency */ = {
			isa = PBXTargetDependency;
			target = 2AC8E40F2BAB3E4000781A9B /* gato 3 */;
			targetProxy = 2AC8E4272BAB3E4200781A9B /* PBXContainerItemProxy */;
		};
		2AC8E4322BAB3E4200781A9B /* PBXTargetDependency */ = {
			isa = PBXTargetDependency;
			target = 2AC8E40F2BAB3E4000781A9B /* gato 3 */;
			targetProxy = 2AC8E4312BAB3E4200781A9B /* PBXContainerItemProxy */;
		};
/* End PBXTargetDependency section */

/* Begin PBXVariantGroup section */
		2AC8E4192BAB3E4000781A9B /* Main.storyboard */ = {
			isa = PBXVariantGroup;
			children = (
				2AC8E41A2BAB3E4000781A9B /* Base */,
			);
			name = Main.storyboard;
			sourceTree = "<group>";
		};
		2AC8E41E2BAB3E4200781A9B /* LaunchScreen.storyboard */ = {
			isa = PBXVariantGroup;
			children = (
				2AC8E41F2BAB3E4200781A9B /* Base */,
			);
			name = LaunchScreen.storyboard;
			sourceTree = "<group>";
		};
/* End PBXVariantGroup section */

/* Begin XCBuildConfiguration section */
		2AC8E4382BAB3E4200781A9B /* Debug */ = {
			isa = XCBuildConfiguration;
			buildSettings = {
				ALWAYS_SEARCH_USER_PATHS = NO;
				ASSETCATALOG_COMPILER_GENERATE_SWIFT_ASSET_SYMBOL_EXTENSIONS = YES;
				CLANG_ANALYZER_NONNULL = YES;
				CLANG_ANALYZER_NUMBER_OBJECT_CONVERSION = YES_AGGRESSIVE;
				CLANG_CXX_LANGUAGE_STANDARD = "gnu++20";
				CLANG_ENABLE_MODULES = YES;
				CLANG_ENABLE_OBJC_ARC = YES;
				CLANG_ENABLE_OBJC_WEAK = YES;
				CLANG_WARN_BLOCK_CAPTURE_AUTORELEASING = YES;
				CLANG_WARN_BOOL_CONVERSION = YES;
				CLANG_WARN_COMMA = YES;
				CLANG_WARN_CONSTANT_CONVERSION = YES;
				CLANG_WARN_DEPRECATED_OBJC_IMPLEMENTATIONS = YES;
				CLANG_WARN_DIRECT_OBJC_ISA_USAGE = YES_ERROR;
				CLANG_WARN_DOCUMENTATION_COMMENTS = YES;
				CLANG_WARN_EMPTY_BODY = YES;
				CLANG_WARN_ENUM_CONVERSION = YES;
				CLANG_WARN_INFINITE_RECURSION = YES;
				CLANG_WARN_INT_CONVERSION = YES;
				CLANG_WARN_NON_LITERAL_NULL_CONVERSION = YES;
				CLANG_WARN_OBJC_IMPLICIT_RETAIN_SELF = YES;
				CLANG_WARN_OBJC_LITERAL_CONVERSION = YES;
				CLANG_WARN_OBJC_ROOT_CLASS = YES_ERROR;
				CLANG_WARN_QUOTED_INCLUDE_IN_FRAMEWORK_HEADER = YES;
				CLANG_WARN_RANGE_LOOP_ANALYSIS = YES;
				CLANG_WARN_STRICT_PROTOTYPES = YES;
				CLANG_WARN_SUSPICIOUS_MOVE = YES;
				CLANG_WARN_UNGUARDED_AVAILABILITY = YES_AGGRESSIVE;
				CLANG_WARN_UNREACHABLE_CODE = YES;
				CLANG_WARN__DUPLICATE_METHOD_MATCH = YES;
				COPY_PHASE_STRIP = NO;
				DEBUG_INFORMATION_FORMAT = dwarf;
				ENABLE_STRICT_OBJC_MSGSEND = YES;
				ENABLE_TESTABILITY = YES;
				ENABLE_USER_SCRIPT_SANDBOXING = YES;
				GCC_C_LANGUAGE_STANDARD = gnu17;
				GCC_DYNAMIC_NO_PIC = NO;
				GCC_NO_COMMON_BLOCKS = YES;
				GCC_OPTIMIZATION_LEVEL = 0;
				GCC_PREPROCESSOR_DEFINITIONS = (
					"DEBUG=1",
					"$(inherited)",
				);
				GCC_WARN_64_TO_32_BIT_CONVERSION = YES;
				GCC_WARN_ABOUT_RETURN_TYPE = YES_ERROR;
				GCC_WARN_UNDECLARED_SELECTOR = YES;
				GCC_WARN_UNINITIALIZED_AUTOS = YES_AGGRESSIVE;
				GCC_WARN_UNUSED_FUNCTION = YES;
				GCC_WARN_UNUSED_VARIABLE = YES;
				IPHONEOS_DEPLOYMENT_TARGET = 17.4;
				LOCALIZATION_PREFERS_STRING_CATALOGS = YES;
				MTL_ENABLE_DEBUG_INFO = INCLUDE_SOURCE;
				MTL_FAST_MATH = YES;
				ONLY_ACTIVE_ARCH = YES;
				SDKROOT = iphoneos;
				SWIFT_ACTIVE_COMPILATION_CONDITIONS = "DEBUG $(inherited)";
				SWIFT_OPTIMIZATION_LEVEL = "-Onone";
			};
			name = Debug;
		};
		2AC8E4392BAB3E4200781A9B /* Release */ = {
			isa = XCBuildConfiguration;
			buildSettings = {
				ALWAYS_SEARCH_USER_PATHS = NO;
				ASSETCATALOG_COMPILER_GENERATE_SWIFT_ASSET_SYMBOL_EXTENSIONS = YES;
				CLANG_ANALYZER_NONNULL = YES;
				CLANG_ANALYZER_NUMBER_OBJECT_CONVERSION = YES_AGGRESSIVE;
				CLANG_CXX_LANGUAGE_STANDARD = "gnu++20";
				CLANG_ENABLE_MODULES = YES;
				CLANG_ENABLE_OBJC_ARC = YES;
				CLANG_ENABLE_OBJC_WEAK = YES;
				CLANG_WARN_BLOCK_CAPTURE_AUTORELEASING = YES;
				CLANG_WARN_BOOL_CONVERSION = YES;
				CLANG_WARN_COMMA = YES;
				CLANG_WARN_CONSTANT_CONVERSION = YES;
				CLANG_WARN_DEPRECATED_OBJC_IMPLEMENTATIONS = YES;
				CLANG_WARN_DIRECT_OBJC_ISA_USAGE = YES_ERROR;
				CLANG_WARN_DOCUMENTATION_COMMENTS = YES;
				CLANG_WARN_EMPTY_BODY = YES;
				CLANG_WARN_ENUM_CONVERSION = YES;
				CLANG_WARN_INFINITE_RECURSION = YES;
				CLANG_WARN_INT_CONVERSION = YES;
				CLANG_WARN_NON_LITERAL_NULL_CONVERSION = YES;
				CLANG_WARN_OBJC_IMPLICIT_RETAIN_SELF = YES;
				CLANG_WARN_OBJC_LITERAL_CONVERSION = YES;
				CLANG_WARN_OBJC_ROOT_CLASS = YES_ERROR;
				CLANG_WARN_QUOTED_INCLUDE_IN_FRAMEWORK_HEADER = YES;
				CLANG_WARN_RANGE_LOOP_ANALYSIS = YES;
				CLANG_WARN_STRICT_PROTOTYPES = YES;
				CLANG_WARN_SUSPICIOUS_MOVE = YES;
				CLANG_WARN_UNGUARDED_AVAILABILITY = YES_AGGRESSIVE;
				CLANG_WARN_UNREACHABLE_CODE = YES;
				CLANG_WARN__DUPLICATE_METHOD_MATCH = YES;
				COPY_PHASE_STRIP = NO;
				DEBUG_INFORMATION_FORMAT = "dwarf-with-dsym";
				ENABLE_NS_ASSERTIONS = NO;
				ENABLE_STRICT_OBJC_MSGSEND = YES;
				ENABLE_USER_SCRIPT_SANDBOXING = YES;
				GCC_C_LANGUAGE_STANDARD = gnu17;
				GCC_NO_COMMON_BLOCKS = YES;
				GCC_WARN_64_TO_32_BIT_CONVERSION = YES;
				GCC_WARN_ABOUT_RETURN_TYPE = YES_ERROR;
				GCC_WARN_UNDECLARED_SELECTOR = YES;
				GCC_WARN_UNINITIALIZED_AUTOS = YES_AGGRESSIVE;
				GCC_WARN_UNUSED_FUNCTION = YES;
				GCC_WARN_UNUSED_VARIABLE = YES;
				IPHONEOS_DEPLOYMENT_TARGET = 17.4;
				LOCALIZATION_PREFERS_STRING_CATALOGS = YES;
				MTL_ENABLE_DEBUG_INFO = NO;
				MTL_FAST_MATH = YES;
				SDKROOT = iphoneos;
				SWIFT_COMPILATION_MODE = wholemodule;
				VALIDATE_PRODUCT = YES;
			};
			name = Release;
		};
		2AC8E43B2BAB3E4200781A9B /* Debug */ = {
			isa = XCBuildConfiguration;
			buildSettings = {
				ASSETCATALOG_COMPILER_APPICON_NAME = AppIcon;
				ASSETCATALOG_COMPILER_GLOBAL_ACCENT_COLOR_NAME = AccentColor;
				CODE_SIGN_STYLE = Automatic;
				CURRENT_PROJECT_VERSION = 1;
				GENERATE_INFOPLIST_FILE = YES;
				INFOPLIST_FILE = "gato 3/Info.plist";
				INFOPLIST_KEY_UIApplicationSupportsIndirectInputEvents = YES;
				INFOPLIST_KEY_UILaunchStoryboardName = LaunchScreen;
				INFOPLIST_KEY_UIMainStoryboardFile = Main;
				INFOPLIST_KEY_UISupportedInterfaceOrientations_iPad = "UIInterfaceOrientationPortrait UIInterfaceOrientationPortraitUpsideDown UIInterfaceOrientationLandscapeLeft UIInterfaceOrientationLandscapeRight";
				INFOPLIST_KEY_UISupportedInterfaceOrientations_iPhone = "UIInterfaceOrientationPortrait UIInterfaceOrientationLandscapeLeft UIInterfaceOrientationLandscapeRight";
				LD_RUNPATH_SEARCH_PATHS = (
					"$(inherited)",
					"@executable_path/Frameworks",
				);
				MARKETING_VERSION = 1.0;
				PRODUCT_BUNDLE_IDENTIFIER = "swift.gato-3";
				PRODUCT_NAME = "$(TARGET_NAME)";
				SWIFT_EMIT_LOC_STRINGS = YES;
				SWIFT_VERSION = 5.0;
				TARGETED_DEVICE_FAMILY = "1,2";
			};
			name = Debug;
		};
		2AC8E43C2BAB3E4200781A9B /* Release */ = {
			isa = XCBuildConfiguration;
			buildSettings = {
				ASSETCATALOG_COMPILER_APPICON_NAME = AppIcon;
				ASSETCATALOG_COMPILER_GLOBAL_ACCENT_COLOR_NAME = AccentColor;
				CODE_SIGN_STYLE = Automatic;
				CURRENT_PROJECT_VERSION = 1;
				GENERATE_INFOPLIST_FILE = YES;
				INFOPLIST_FILE = "gato 3/Info.plist";
				INFOPLIST_KEY_UIApplicationSupportsIndirectInputEvents = YES;
				INFOPLIST_KEY_UILaunchStoryboardName = LaunchScreen;
				INFOPLIST_KEY_UIMainStoryboardFile = Main;
				INFOPLIST_KEY_UISupportedInterfaceOrientations_iPad = "UIInterfaceOrientationPortrait UIInterfaceOrientationPortraitUpsideDown UIInterfaceOrientationLandscapeLeft UIInterfaceOrientationLandscapeRight";
				INFOPLIST_KEY_UISupportedInterfaceOrientations_iPhone = "UIInterfaceOrientationPortrait UIInterfaceOrientationLandscapeLeft UIInterfaceOrientationLandscapeRight";
				LD_RUNPATH_SEARCH_PATHS = (
					"$(inherited)",
					"@executable_path/Frameworks",
				);
				MARKETING_VERSION = 1.0;
				PRODUCT_BUNDLE_IDENTIFIER = "swift.gato-3";
				PRODUCT_NAME = "$(TARGET_NAME)";
				SWIFT_EMIT_LOC_STRINGS = YES;
				SWIFT_VERSION = 5.0;
				TARGETED_DEVICE_FAMILY = "1,2";
			};
			name = Release;
		};
		2AC8E43E2BAB3E4200781A9B /* Debug */ = {
			isa = XCBuildConfiguration;
			buildSettings = {
				ALWAYS_EMBED_SWIFT_STANDARD_LIBRARIES = YES;
				BUNDLE_LOADER = "$(TEST_HOST)";
				CODE_SIGN_STYLE = Automatic;
				CURRENT_PROJECT_VERSION = 1;
				GENERATE_INFOPLIST_FILE = YES;
				IPHONEOS_DEPLOYMENT_TARGET = 17.4;
				MARKETING_VERSION = 1.0;
				PRODUCT_BUNDLE_IDENTIFIER = "swift.gato-3Tests";
				PRODUCT_NAME = "$(TARGET_NAME)";
				SWIFT_EMIT_LOC_STRINGS = NO;
				SWIFT_VERSION = 5.0;
				TARGETED_DEVICE_FAMILY = "1,2";
				TEST_HOST = "$(BUILT_PRODUCTS_DIR)/gato 3.app/$(BUNDLE_EXECUTABLE_FOLDER_PATH)/gato 3";
			};
			name = Debug;
		};
		2AC8E43F2BAB3E4200781A9B /* Release */ = {
			isa = XCBuildConfiguration;
			buildSettings = {
				ALWAYS_EMBED_SWIFT_STANDARD_LIBRARIES = YES;
				BUNDLE_LOADER = "$(TEST_HOST)";
				CODE_SIGN_STYLE = Automatic;
				CURRENT_PROJECT_VERSION = 1;
				GENERATE_INFOPLIST_FILE = YES;
				IPHONEOS_DEPLOYMENT_TARGET = 17.4;
				MARKETING_VERSION = 1.0;
				PRODUCT_BUNDLE_IDENTIFIER = "swift.gato-3Tests";
				PRODUCT_NAME = "$(TARGET_NAME)";
				SWIFT_EMIT_LOC_STRINGS = NO;
				SWIFT_VERSION = 5.0;
				TARGETED_DEVICE_FAMILY = "1,2";
				TEST_HOST = "$(BUILT_PRODUCTS_DIR)/gato 3.app/$(BUNDLE_EXECUTABLE_FOLDER_PATH)/gato 3";
			};
			name = Release;
		};
		2AC8E4412BAB3E4200781A9B /* Debug */ = {
			isa = XCBuildConfiguration;
			buildSettings = {
				ALWAYS_EMBED_SWIFT_STANDARD_LIBRARIES = YES;
				CODE_SIGN_STYLE = Automatic;
				CURRENT_PROJECT_VERSION = 1;
				GENERATE_INFOPLIST_FILE = YES;
				MARKETING_VERSION = 1.0;
				PRODUCT_BUNDLE_IDENTIFIER = "swift.gato-3UITests";
				PRODUCT_NAME = "$(TARGET_NAME)";
				SWIFT_EMIT_LOC_STRINGS = NO;
				SWIFT_VERSION = 5.0;
				TARGETED_DEVICE_FAMILY = "1,2";
				TEST_TARGET_NAME = "gato 3";
			};
			name = Debug;
		};
		2AC8E4422BAB3E4200781A9B /* Release */ = {
			isa = XCBuildConfiguration;
			buildSettings = {
				ALWAYS_EMBED_SWIFT_STANDARD_LIBRARIES = YES;
				CODE_SIGN_STYLE = Automatic;
				CURRENT_PROJECT_VERSION = 1;
				GENERATE_INFOPLIST_FILE = YES;
				MARKETING_VERSION = 1.0;
				PRODUCT_BUNDLE_IDENTIFIER = "swift.gato-3UITests";
				PRODUCT_NAME = "$(TARGET_NAME)";
				SWIFT_EMIT_LOC_STRINGS = NO;
				SWIFT_VERSION = 5.0;
				TARGETED_DEVICE_FAMILY = "1,2";
				TEST_TARGET_NAME = "gato 3";
			};
			name = Release;
		};
/* End XCBuildConfiguration section */

/* Begin XCConfigurationList section */
		2AC8E40B2BAB3E4000781A9B /* Build configuration list for PBXProject "gato 3" */ = {
			isa = XCConfigurationList;
			buildConfigurations = (
				2AC8E4382BAB3E4200781A9B /* Debug */,
				2AC8E4392BAB3E4200781A9B /* Release */,
			);
			defaultConfigurationIsVisible = 0;
			defaultConfigurationName = Release;
		};
		2AC8E43A2BAB3E4200781A9B /* Build configuration list for PBXNativeTarget "gato 3" */ = {
			isa = XCConfigurationList;
			buildConfigurations = (
				2AC8E43B2BAB3E4200781A9B /* Debug */,
				2AC8E43C2BAB3E4200781A9B /* Release */,
			);
			defaultConfigurationIsVisible = 0;
			defaultConfigurationName = Release;
		};
		2AC8E43D2BAB3E4200781A9B /* Build configuration list for PBXNativeTarget "gato 3Tests" */ = {
			isa = XCConfigurationList;
			buildConfigurations = (
				2AC8E43E2BAB3E4200781A9B /* Debug */,
				2AC8E43F2BAB3E4200781A9B /* Release */,
			);
			defaultConfigurationIsVisible = 0;
			defaultConfigurationName = Release;
		};
		2AC8E4402BAB3E4200781A9B /* Build configuration list for PBXNativeTarget "gato 3UITests" */ = {
			isa = XCConfigurationList;
			buildConfigurations = (
				2AC8E4412BAB3E4200781A9B /* Debug */,
				2AC8E4422BAB3E4200781A9B /* Release */,
			);
			defaultConfigurationIsVisible = 0;
			defaultConfigurationName = Release;
		};
/* End XCConfigurationList section */
	};
	rootObject = 2AC8E4082BAB3E4000781A9B /* Project object */;
}
