// !$*UTF8*$!
{
	archiveVersion = 1;
	classes = {
	};
	objectVersion = 56;
	objects = {

/* Begin PBXBuildFile section */
		2A9A88922BA4A86E000DBD54 /* AppDelegate.swift in Sources */ = {isa = PBXBuildFile; fileRef = 2A9A88912BA4A86E000DBD54 /* AppDelegate.swift */; };
		2A9A88942BA4A86E000DBD54 /* SceneDelegate.swift in Sources */ = {isa = PBXBuildFile; fileRef = 2A9A88932BA4A86E000DBD54 /* SceneDelegate.swift */; };
		2A9A88962BA4A86E000DBD54 /* ViewController.swift in Sources */ = {isa = PBXBuildFile; fileRef = 2A9A88952BA4A86E000DBD54 /* ViewController.swift */; };
		2A9A88992BA4A86E000DBD54 /* Base in Resources */ = {isa = PBXBuildFile; fileRef = 2A9A88982BA4A86E000DBD54 /* Base */; };
		2A9A889B2BA4A871000DBD54 /* Assets.xcassets in Resources */ = {isa = PBXBuildFile; fileRef = 2A9A889A2BA4A871000DBD54 /* Assets.xcassets */; };
		2A9A889E2BA4A871000DBD54 /* Base in Resources */ = {isa = PBXBuildFile; fileRef = 2A9A889D2BA4A871000DBD54 /* Base */; };
		2A9A88A92BA4A872000DBD54 /* GatoTests.swift in Sources */ = {isa = PBXBuildFile; fileRef = 2A9A88A82BA4A872000DBD54 /* GatoTests.swift */; };
		2A9A88B32BA4A872000DBD54 /* GatoUITests.swift in Sources */ = {isa = PBXBuildFile; fileRef = 2A9A88B22BA4A872000DBD54 /* GatoUITests.swift */; };
		2A9A88B52BA4A872000DBD54 /* GatoUITestsLaunchTests.swift in Sources */ = {isa = PBXBuildFile; fileRef = 2A9A88B42BA4A872000DBD54 /* GatoUITestsLaunchTests.swift */; };
/* End PBXBuildFile section */

/* Begin PBXContainerItemProxy section */
		2A9A88A52BA4A872000DBD54 /* PBXContainerItemProxy */ = {
			isa = PBXContainerItemProxy;
			containerPortal = 2A9A88862BA4A86E000DBD54 /* Project object */;
			proxyType = 1;
			remoteGlobalIDString = 2A9A888D2BA4A86E000DBD54;
			remoteInfo = Gato;
		};
		2A9A88AF2BA4A872000DBD54 /* PBXContainerItemProxy */ = {
			isa = PBXContainerItemProxy;
			containerPortal = 2A9A88862BA4A86E000DBD54 /* Project object */;
			proxyType = 1;
			remoteGlobalIDString = 2A9A888D2BA4A86E000DBD54;
			remoteInfo = Gato;
		};
/* End PBXContainerItemProxy section */

/* Begin PBXFileReference section */
		2A9A888E2BA4A86E000DBD54 /* Gato.app */ = {isa = PBXFileReference; explicitFileType = wrapper.application; includeInIndex = 0; path = Gato.app; sourceTree = BUILT_PRODUCTS_DIR; };
		2A9A88912BA4A86E000DBD54 /* AppDelegate.swift */ = {isa = PBXFileReference; lastKnownFileType = sourcecode.swift; path = AppDelegate.swift; sourceTree = "<group>"; };
		2A9A88932BA4A86E000DBD54 /* SceneDelegate.swift */ = {isa = PBXFileReference; lastKnownFileType = sourcecode.swift; path = SceneDelegate.swift; sourceTree = "<group>"; };
		2A9A88952BA4A86E000DBD54 /* ViewController.swift */ = {isa = PBXFileReference; lastKnownFileType = sourcecode.swift; path = ViewController.swift; sourceTree = "<group>"; };
		2A9A88982BA4A86E000DBD54 /* Base */ = {isa = PBXFileReference; lastKnownFileType = file.storyboard; name = Base; path = Base.lproj/Main.storyboard; sourceTree = "<group>"; };
		2A9A889A2BA4A871000DBD54 /* Assets.xcassets */ = {isa = PBXFileReference; lastKnownFileType = folder.assetcatalog; path = Assets.xcassets; sourceTree = "<group>"; };
		2A9A889D2BA4A871000DBD54 /* Base */ = {isa = PBXFileReference; lastKnownFileType = file.storyboard; name = Base; path = Base.lproj/LaunchScreen.storyboard; sourceTree = "<group>"; };
		2A9A889F2BA4A871000DBD54 /* Info.plist */ = {isa = PBXFileReference; lastKnownFileType = text.plist.xml; path = Info.plist; sourceTree = "<group>"; };
		2A9A88A42BA4A872000DBD54 /* GatoTests.xctest */ = {isa = PBXFileReference; explicitFileType = wrapper.cfbundle; includeInIndex = 0; path = GatoTests.xctest; sourceTree = BUILT_PRODUCTS_DIR; };
		2A9A88A82BA4A872000DBD54 /* GatoTests.swift */ = {isa = PBXFileReference; lastKnownFileType = sourcecode.swift; path = GatoTests.swift; sourceTree = "<group>"; };
		2A9A88AE2BA4A872000DBD54 /* GatoUITests.xctest */ = {isa = PBXFileReference; explicitFileType = wrapper.cfbundle; includeInIndex = 0; path = GatoUITests.xctest; sourceTree = BUILT_PRODUCTS_DIR; };
		2A9A88B22BA4A872000DBD54 /* GatoUITests.swift */ = {isa = PBXFileReference; lastKnownFileType = sourcecode.swift; path = GatoUITests.swift; sourceTree = "<group>"; };
		2A9A88B42BA4A872000DBD54 /* GatoUITestsLaunchTests.swift */ = {isa = PBXFileReference; lastKnownFileType = sourcecode.swift; path = GatoUITestsLaunchTests.swift; sourceTree = "<group>"; };
/* End PBXFileReference section */

/* Begin PBXFrameworksBuildPhase section */
		2A9A888B2BA4A86E000DBD54 /* Frameworks */ = {
			isa = PBXFrameworksBuildPhase;
			buildActionMask = 2147483647;
			files = (
			);
			runOnlyForDeploymentPostprocessing = 0;
		};
		2A9A88A12BA4A872000DBD54 /* Frameworks */ = {
			isa = PBXFrameworksBuildPhase;
			buildActionMask = 2147483647;
			files = (
			);
			runOnlyForDeploymentPostprocessing = 0;
		};
		2A9A88AB2BA4A872000DBD54 /* Frameworks */ = {
			isa = PBXFrameworksBuildPhase;
			buildActionMask = 2147483647;
			files = (
			);
			runOnlyForDeploymentPostprocessing = 0;
		};
/* End PBXFrameworksBuildPhase section */

/* Begin PBXGroup section */
		2A9A88852BA4A86E000DBD54 = {
			isa = PBXGroup;
			children = (
				2A9A88902BA4A86E000DBD54 /* Gato */,
				2A9A88A72BA4A872000DBD54 /* GatoTests */,
				2A9A88B12BA4A872000DBD54 /* GatoUITests */,
				2A9A888F2BA4A86E000DBD54 /* Products */,
			);
			sourceTree = "<group>";
		};
		2A9A888F2BA4A86E000DBD54 /* Products */ = {
			isa = PBXGroup;
			children = (
				2A9A888E2BA4A86E000DBD54 /* Gato.app */,
				2A9A88A42BA4A872000DBD54 /* GatoTests.xctest */,
				2A9A88AE2BA4A872000DBD54 /* GatoUITests.xctest */,
			);
			name = Products;
			sourceTree = "<group>";
		};
		2A9A88902BA4A86E000DBD54 /* Gato */ = {
			isa = PBXGroup;
			children = (
				2A9A88912BA4A86E000DBD54 /* AppDelegate.swift */,
				2A9A88932BA4A86E000DBD54 /* SceneDelegate.swift */,
				2A9A88952BA4A86E000DBD54 /* ViewController.swift */,
				2A9A88972BA4A86E000DBD54 /* Main.storyboard */,
				2A9A889A2BA4A871000DBD54 /* Assets.xcassets */,
				2A9A889C2BA4A871000DBD54 /* LaunchScreen.storyboard */,
				2A9A889F2BA4A871000DBD54 /* Info.plist */,
			);
			path = Gato;
			sourceTree = "<group>";
		};
		2A9A88A72BA4A872000DBD54 /* GatoTests */ = {
			isa = PBXGroup;
			children = (
				2A9A88A82BA4A872000DBD54 /* GatoTests.swift */,
			);
			path = GatoTests;
			sourceTree = "<group>";
		};
		2A9A88B12BA4A872000DBD54 /* GatoUITests */ = {
			isa = PBXGroup;
			children = (
				2A9A88B22BA4A872000DBD54 /* GatoUITests.swift */,
				2A9A88B42BA4A872000DBD54 /* GatoUITestsLaunchTests.swift */,
			);
			path = GatoUITests;
			sourceTree = "<group>";
		};
/* End PBXGroup section */

/* Begin PBXNativeTarget section */
		2A9A888D2BA4A86E000DBD54 /* Gato */ = {
			isa = PBXNativeTarget;
			buildConfigurationList = 2A9A88B82BA4A872000DBD54 /* Build configuration list for PBXNativeTarget "Gato" */;
			buildPhases = (
				2A9A888A2BA4A86E000DBD54 /* Sources */,
				2A9A888B2BA4A86E000DBD54 /* Frameworks */,
				2A9A888C2BA4A86E000DBD54 /* Resources */,
			);
			buildRules = (
			);
			dependencies = (
			);
			name = Gato;
			productName = Gato;
			productReference = 2A9A888E2BA4A86E000DBD54 /* Gato.app */;
			productType = "com.apple.product-type.application";
		};
		2A9A88A32BA4A872000DBD54 /* GatoTests */ = {
			isa = PBXNativeTarget;
			buildConfigurationList = 2A9A88BB2BA4A872000DBD54 /* Build configuration list for PBXNativeTarget "GatoTests" */;
			buildPhases = (
				2A9A88A02BA4A872000DBD54 /* Sources */,
				2A9A88A12BA4A872000DBD54 /* Frameworks */,
				2A9A88A22BA4A872000DBD54 /* Resources */,
			);
			buildRules = (
			);
			dependencies = (
				2A9A88A62BA4A872000DBD54 /* PBXTargetDependency */,
			);
			name = GatoTests;
			productName = GatoTests;
			productReference = 2A9A88A42BA4A872000DBD54 /* GatoTests.xctest */;
			productType = "com.apple.product-type.bundle.unit-test";
		};
		2A9A88AD2BA4A872000DBD54 /* GatoUITests */ = {
			isa = PBXNativeTarget;
			buildConfigurationList = 2A9A88BE2BA4A872000DBD54 /* Build configuration list for PBXNativeTarget "GatoUITests" */;
			buildPhases = (
				2A9A88AA2BA4A872000DBD54 /* Sources */,
				2A9A88AB2BA4A872000DBD54 /* Frameworks */,
				2A9A88AC2BA4A872000DBD54 /* Resources */,
			);
			buildRules = (
			);
			dependencies = (
				2A9A88B02BA4A872000DBD54 /* PBXTargetDependency */,
			);
			name = GatoUITests;
			productName = GatoUITests;
			productReference = 2A9A88AE2BA4A872000DBD54 /* GatoUITests.xctest */;
			productType = "com.apple.product-type.bundle.ui-testing";
		};
/* End PBXNativeTarget section */

/* Begin PBXProject section */
		2A9A88862BA4A86E000DBD54 /* Project object */ = {
			isa = PBXProject;
			attributes = {
				BuildIndependentTargetsInParallel = 1;
				LastSwiftUpdateCheck = 1530;
				LastUpgradeCheck = 1530;
				TargetAttributes = {
					2A9A888D2BA4A86E000DBD54 = {
						CreatedOnToolsVersion = 15.3;
					};
					2A9A88A32BA4A872000DBD54 = {
						CreatedOnToolsVersion = 15.3;
						TestTargetID = 2A9A888D2BA4A86E000DBD54;
					};
					2A9A88AD2BA4A872000DBD54 = {
						CreatedOnToolsVersion = 15.3;
						TestTargetID = 2A9A888D2BA4A86E000DBD54;
					};
				};
			};
			buildConfigurationList = 2A9A88892BA4A86E000DBD54 /* Build configuration list for PBXProject "Gato" */;
			compatibilityVersion = "Xcode 14.0";
			developmentRegion = en;
			hasScannedForEncodings = 0;
			knownRegions = (
				en,
				Base,
			);
			mainGroup = 2A9A88852BA4A86E000DBD54;
			productRefGroup = 2A9A888F2BA4A86E000DBD54 /* Products */;
			projectDirPath = "";
			projectRoot = "";
			targets = (
				2A9A888D2BA4A86E000DBD54 /* Gato */,
				2A9A88A32BA4A872000DBD54 /* GatoTests */,
				2A9A88AD2BA4A872000DBD54 /* GatoUITests */,
			);
		};
/* End PBXProject section */

/* Begin PBXResourcesBuildPhase section */
		2A9A888C2BA4A86E000DBD54 /* Resources */ = {
			isa = PBXResourcesBuildPhase;
			buildActionMask = 2147483647;
			files = (
				2A9A889B2BA4A871000DBD54 /* Assets.xcassets in Resources */,
				2A9A889E2BA4A871000DBD54 /* Base in Resources */,
				2A9A88992BA4A86E000DBD54 /* Base in Resources */,
			);
			runOnlyForDeploymentPostprocessing = 0;
		};
		2A9A88A22BA4A872000DBD54 /* Resources */ = {
			isa = PBXResourcesBuildPhase;
			buildActionMask = 2147483647;
			files = (
			);
			runOnlyForDeploymentPostprocessing = 0;
		};
		2A9A88AC2BA4A872000DBD54 /* Resources */ = {
			isa = PBXResourcesBuildPhase;
			buildActionMask = 2147483647;
			files = (
			);
			runOnlyForDeploymentPostprocessing = 0;
		};
/* End PBXResourcesBuildPhase section */

/* Begin PBXSourcesBuildPhase section */
		2A9A888A2BA4A86E000DBD54 /* Sources */ = {
			isa = PBXSourcesBuildPhase;
			buildActionMask = 2147483647;
			files = (
				2A9A88962BA4A86E000DBD54 /* ViewController.swift in Sources */,
				2A9A88922BA4A86E000DBD54 /* AppDelegate.swift in Sources */,
				2A9A88942BA4A86E000DBD54 /* SceneDelegate.swift in Sources */,
			);
			runOnlyForDeploymentPostprocessing = 0;
		};
		2A9A88A02BA4A872000DBD54 /* Sources */ = {
			isa = PBXSourcesBuildPhase;
			buildActionMask = 2147483647;
			files = (
				2A9A88A92BA4A872000DBD54 /* GatoTests.swift in Sources */,
			);
			runOnlyForDeploymentPostprocessing = 0;
		};
		2A9A88AA2BA4A872000DBD54 /* Sources */ = {
			isa = PBXSourcesBuildPhase;
			buildActionMask = 2147483647;
			files = (
				2A9A88B32BA4A872000DBD54 /* GatoUITests.swift in Sources */,
				2A9A88B52BA4A872000DBD54 /* GatoUITestsLaunchTests.swift in Sources */,
			);
			runOnlyForDeploymentPostprocessing = 0;
		};
/* End PBXSourcesBuildPhase section */

/* Begin PBXTargetDependency section */
		2A9A88A62BA4A872000DBD54 /* PBXTargetDependency */ = {
			isa = PBXTargetDependency;
			target = 2A9A888D2BA4A86E000DBD54 /* Gato */;
			targetProxy = 2A9A88A52BA4A872000DBD54 /* PBXContainerItemProxy */;
		};
		2A9A88B02BA4A872000DBD54 /* PBXTargetDependency */ = {
			isa = PBXTargetDependency;
			target = 2A9A888D2BA4A86E000DBD54 /* Gato */;
			targetProxy = 2A9A88AF2BA4A872000DBD54 /* PBXContainerItemProxy */;
		};
/* End PBXTargetDependency section */

/* Begin PBXVariantGroup section */
		2A9A88972BA4A86E000DBD54 /* Main.storyboard */ = {
			isa = PBXVariantGroup;
			children = (
				2A9A88982BA4A86E000DBD54 /* Base */,
			);
			name = Main.storyboard;
			sourceTree = "<group>";
		};
		2A9A889C2BA4A871000DBD54 /* LaunchScreen.storyboard */ = {
			isa = PBXVariantGroup;
			children = (
				2A9A889D2BA4A871000DBD54 /* Base */,
			);
			name = LaunchScreen.storyboard;
			sourceTree = "<group>";
		};
/* End PBXVariantGroup section */

/* Begin XCBuildConfiguration section */
		2A9A88B62BA4A872000DBD54 /* Debug */ = {
			isa = XCBuildConfiguration;
			buildSettings = {
				ALWAYS_SEARCH_USER_PATHS = NO;
				ASSETCATALOG_COMPILER_GENERATE_SWIFT_ASSET_SYMBOL_EXTENSIONS = YES;
				CLANG_ANALYZER_NONNULL = YES;
				CLANG_ANALYZER_NUMBER_OBJECT_CONVERSION = YES_AGGRESSIVE;
				CLANG_CXX_LANGUAGE_STANDARD = "gnu++20";
				CLANG_ENABLE_MODULES = YES;
				CLANG_ENABLE_OBJC_ARC = YES;
				CLANG_ENABLE_OBJC_WEAK = YES;
				CLANG_WARN_BLOCK_CAPTURE_AUTORELEASING = YES;
				CLANG_WARN_BOOL_CONVERSION = YES;
				CLANG_WARN_COMMA = YES;
				CLANG_WARN_CONSTANT_CONVERSION = YES;
				CLANG_WARN_DEPRECATED_OBJC_IMPLEMENTATIONS = YES;
				CLANG_WARN_DIRECT_OBJC_ISA_USAGE = YES_ERROR;
				CLANG_WARN_DOCUMENTATION_COMMENTS = YES;
				CLANG_WARN_EMPTY_BODY = YES;
				CLANG_WARN_ENUM_CONVERSION = YES;
				CLANG_WARN_INFINITE_RECURSION = YES;
				CLANG_WARN_INT_CONVERSION = YES;
				CLANG_WARN_NON_LITERAL_NULL_CONVERSION = YES;
				CLANG_WARN_OBJC_IMPLICIT_RETAIN_SELF = YES;
				CLANG_WARN_OBJC_LITERAL_CONVERSION = YES;
				CLANG_WARN_OBJC_ROOT_CLASS = YES_ERROR;
				CLANG_WARN_QUOTED_INCLUDE_IN_FRAMEWORK_HEADER = YES;
				CLANG_WARN_RANGE_LOOP_ANALYSIS = YES;
				CLANG_WARN_STRICT_PROTOTYPES = YES;
				CLANG_WARN_SUSPICIOUS_MOVE = YES;
				CLANG_WARN_UNGUARDED_AVAILABILITY = YES_AGGRESSIVE;
				CLANG_WARN_UNREACHABLE_CODE = YES;
				CLANG_WARN__DUPLICATE_METHOD_MATCH = YES;
				COPY_PHASE_STRIP = NO;
				DEBUG_INFORMATION_FORMAT = dwarf;
				ENABLE_STRICT_OBJC_MSGSEND = YES;
				ENABLE_TESTABILITY = YES;
				ENABLE_USER_SCRIPT_SANDBOXING = YES;
				GCC_C_LANGUAGE_STANDARD = gnu17;
				GCC_DYNAMIC_NO_PIC = NO;
				GCC_NO_COMMON_BLOCKS = YES;
				GCC_OPTIMIZATION_LEVEL = 0;
				GCC_PREPROCESSOR_DEFINITIONS = (
					"DEBUG=1",
					"$(inherited)",
				);
				GCC_WARN_64_TO_32_BIT_CONVERSION = YES;
				GCC_WARN_ABOUT_RETURN_TYPE = YES_ERROR;
				GCC_WARN_UNDECLARED_SELECTOR = YES;
				GCC_WARN_UNINITIALIZED_AUTOS = YES_AGGRESSIVE;
				GCC_WARN_UNUSED_FUNCTION = YES;
				GCC_WARN_UNUSED_VARIABLE = YES;
				IPHONEOS_DEPLOYMENT_TARGET = 17.4;
				LOCALIZATION_PREFERS_STRING_CATALOGS = YES;
				MTL_ENABLE_DEBUG_INFO = INCLUDE_SOURCE;
				MTL_FAST_MATH = YES;
				ONLY_ACTIVE_ARCH = YES;
				SDKROOT = iphoneos;
				SWIFT_ACTIVE_COMPILATION_CONDITIONS = "DEBUG $(inherited)";
				SWIFT_OPTIMIZATION_LEVEL = "-Onone";
			};
			name = Debug;
		};
		2A9A88B72BA4A872000DBD54 /* Release */ = {
			isa = XCBuildConfiguration;
			buildSettings = {
				ALWAYS_SEARCH_USER_PATHS = NO;
				ASSETCATALOG_COMPILER_GENERATE_SWIFT_ASSET_SYMBOL_EXTENSIONS = YES;
				CLANG_ANALYZER_NONNULL = YES;
				CLANG_ANALYZER_NUMBER_OBJECT_CONVERSION = YES_AGGRESSIVE;
				CLANG_CXX_LANGUAGE_STANDARD = "gnu++20";
				CLANG_ENABLE_MODULES = YES;
				CLANG_ENABLE_OBJC_ARC = YES;
				CLANG_ENABLE_OBJC_WEAK = YES;
				CLANG_WARN_BLOCK_CAPTURE_AUTORELEASING = YES;
				CLANG_WARN_BOOL_CONVERSION = YES;
				CLANG_WARN_COMMA = YES;
				CLANG_WARN_CONSTANT_CONVERSION = YES;
				CLANG_WARN_DEPRECATED_OBJC_IMPLEMENTATIONS = YES;
				CLANG_WARN_DIRECT_OBJC_ISA_USAGE = YES_ERROR;
				CLANG_WARN_DOCUMENTATION_COMMENTS = YES;
				CLANG_WARN_EMPTY_BODY = YES;
				CLANG_WARN_ENUM_CONVERSION = YES;
				CLANG_WARN_INFINITE_RECURSION = YES;
				CLANG_WARN_INT_CONVERSION = YES;
				CLANG_WARN_NON_LITERAL_NULL_CONVERSION = YES;
				CLANG_WARN_OBJC_IMPLICIT_RETAIN_SELF = YES;
				CLANG_WARN_OBJC_LITERAL_CONVERSION = YES;
				CLANG_WARN_OBJC_ROOT_CLASS = YES_ERROR;
				CLANG_WARN_QUOTED_INCLUDE_IN_FRAMEWORK_HEADER = YES;
				CLANG_WARN_RANGE_LOOP_ANALYSIS = YES;
				CLANG_WARN_STRICT_PROTOTYPES = YES;
				CLANG_WARN_SUSPICIOUS_MOVE = YES;
				CLANG_WARN_UNGUARDED_AVAILABILITY = YES_AGGRESSIVE;
				CLANG_WARN_UNREACHABLE_CODE = YES;
				CLANG_WARN__DUPLICATE_METHOD_MATCH = YES;
				COPY_PHASE_STRIP = NO;
				DEBUG_INFORMATION_FORMAT = "dwarf-with-dsym";
				ENABLE_NS_ASSERTIONS = NO;
				ENABLE_STRICT_OBJC_MSGSEND = YES;
				ENABLE_USER_SCRIPT_SANDBOXING = YES;
				GCC_C_LANGUAGE_STANDARD = gnu17;
				GCC_NO_COMMON_BLOCKS = YES;
				GCC_WARN_64_TO_32_BIT_CONVERSION = YES;
				GCC_WARN_ABOUT_RETURN_TYPE = YES_ERROR;
				GCC_WARN_UNDECLARED_SELECTOR = YES;
				GCC_WARN_UNINITIALIZED_AUTOS = YES_AGGRESSIVE;
				GCC_WARN_UNUSED_FUNCTION = YES;
				GCC_WARN_UNUSED_VARIABLE = YES;
				IPHONEOS_DEPLOYMENT_TARGET = 17.4;
				LOCALIZATION_PREFERS_STRING_CATALOGS = YES;
				MTL_ENABLE_DEBUG_INFO = NO;
				MTL_FAST_MATH = YES;
				SDKROOT = iphoneos;
				SWIFT_COMPILATION_MODE = wholemodule;
				VALIDATE_PRODUCT = YES;
			};
			name = Release;
		};
		2A9A88B92BA4A872000DBD54 /* Debug */ = {
			isa = XCBuildConfiguration;
			buildSettings = {
				ASSETCATALOG_COMPILER_APPICON_NAME = AppIcon;
				ASSETCATALOG_COMPILER_GLOBAL_ACCENT_COLOR_NAME = AccentColor;
				CODE_SIGN_STYLE = Automatic;
				CURRENT_PROJECT_VERSION = 1;
				GENERATE_INFOPLIST_FILE = YES;
				INFOPLIST_FILE = Gato/Info.plist;
				INFOPLIST_KEY_UIApplicationSupportsIndirectInputEvents = YES;
				INFOPLIST_KEY_UILaunchStoryboardName = LaunchScreen;
				INFOPLIST_KEY_UIMainStoryboardFile = Main;
				INFOPLIST_KEY_UISupportedInterfaceOrientations_iPad = "UIInterfaceOrientationPortrait UIInterfaceOrientationPortraitUpsideDown UIInterfaceOrientationLandscapeLeft UIInterfaceOrientationLandscapeRight";
				INFOPLIST_KEY_UISupportedInterfaceOrientations_iPhone = "UIInterfaceOrientationPortrait UIInterfaceOrientationLandscapeLeft UIInterfaceOrientationLandscapeRight";
				LD_RUNPATH_SEARCH_PATHS = (
					"$(inherited)",
					"@executable_path/Frameworks",
				);
				MARKETING_VERSION = 1.0;
				PRODUCT_BUNDLE_IDENTIFIER = swift.Gato;
				PRODUCT_NAME = "$(TARGET_NAME)";
				SWIFT_EMIT_LOC_STRINGS = YES;
				SWIFT_VERSION = 5.0;
				TARGETED_DEVICE_FAMILY = "1,2";
			};
			name = Debug;
		};
		2A9A88BA2BA4A872000DBD54 /* Release */ = {
			isa = XCBuildConfiguration;
			buildSettings = {
				ASSETCATALOG_COMPILER_APPICON_NAME = AppIcon;
				ASSETCATALOG_COMPILER_GLOBAL_ACCENT_COLOR_NAME = AccentColor;
				CODE_SIGN_STYLE = Automatic;
				CURRENT_PROJECT_VERSION = 1;
				GENERATE_INFOPLIST_FILE = YES;
				INFOPLIST_FILE = Gato/Info.plist;
				INFOPLIST_KEY_UIApplicationSupportsIndirectInputEvents = YES;
				INFOPLIST_KEY_UILaunchStoryboardName = LaunchScreen;
				INFOPLIST_KEY_UIMainStoryboardFile = Main;
				INFOPLIST_KEY_UISupportedInterfaceOrientations_iPad = "UIInterfaceOrientationPortrait UIInterfaceOrientationPortraitUpsideDown UIInterfaceOrientationLandscapeLeft UIInterfaceOrientationLandscapeRight";
				INFOPLIST_KEY_UISupportedInterfaceOrientations_iPhone = "UIInterfaceOrientationPortrait UIInterfaceOrientationLandscapeLeft UIInterfaceOrientationLandscapeRight";
				LD_RUNPATH_SEARCH_PATHS = (
					"$(inherited)",
					"@executable_path/Frameworks",
				);
				MARKETING_VERSION = 1.0;
				PRODUCT_BUNDLE_IDENTIFIER = swift.Gato;
				PRODUCT_NAME = "$(TARGET_NAME)";
				SWIFT_EMIT_LOC_STRINGS = YES;
				SWIFT_VERSION = 5.0;
				TARGETED_DEVICE_FAMILY = "1,2";
			};
			name = Release;
		};
		2A9A88BC2BA4A872000DBD54 /* Debug */ = {
			isa = XCBuildConfiguration;
			buildSettings = {
				ALWAYS_EMBED_SWIFT_STANDARD_LIBRARIES = YES;
				BUNDLE_LOADER = "$(TEST_HOST)";
				CODE_SIGN_STYLE = Automatic;
				CURRENT_PROJECT_VERSION = 1;
				GENERATE_INFOPLIST_FILE = YES;
				IPHONEOS_DEPLOYMENT_TARGET = 17.4;
				MARKETING_VERSION = 1.0;
				PRODUCT_BUNDLE_IDENTIFIER = swift.GatoTests;
				PRODUCT_NAME = "$(TARGET_NAME)";
				SWIFT_EMIT_LOC_STRINGS = NO;
				SWIFT_VERSION = 5.0;
				TARGETED_DEVICE_FAMILY = "1,2";
				TEST_HOST = "$(BUILT_PRODUCTS_DIR)/Gato.app/$(BUNDLE_EXECUTABLE_FOLDER_PATH)/Gato";
			};
			name = Debug;
		};
		2A9A88BD2BA4A872000DBD54 /* Release */ = {
			isa = XCBuildConfiguration;
			buildSettings = {
				ALWAYS_EMBED_SWIFT_STANDARD_LIBRARIES = YES;
				BUNDLE_LOADER = "$(TEST_HOST)";
				CODE_SIGN_STYLE = Automatic;
				CURRENT_PROJECT_VERSION = 1;
				GENERATE_INFOPLIST_FILE = YES;
				IPHONEOS_DEPLOYMENT_TARGET = 17.4;
				MARKETING_VERSION = 1.0;
				PRODUCT_BUNDLE_IDENTIFIER = swift.GatoTests;
				PRODUCT_NAME = "$(TARGET_NAME)";
				SWIFT_EMIT_LOC_STRINGS = NO;
				SWIFT_VERSION = 5.0;
				TARGETED_DEVICE_FAMILY = "1,2";
				TEST_HOST = "$(BUILT_PRODUCTS_DIR)/Gato.app/$(BUNDLE_EXECUTABLE_FOLDER_PATH)/Gato";
			};
			name = Release;
		};
		2A9A88BF2BA4A872000DBD54 /* Debug */ = {
			isa = XCBuildConfiguration;
			buildSettings = {
				ALWAYS_EMBED_SWIFT_STANDARD_LIBRARIES = YES;
				CODE_SIGN_STYLE = Automatic;
				CURRENT_PROJECT_VERSION = 1;
				GENERATE_INFOPLIST_FILE = YES;
				MARKETING_VERSION = 1.0;
				PRODUCT_BUNDLE_IDENTIFIER = swift.GatoUITests;
				PRODUCT_NAME = "$(TARGET_NAME)";
				SWIFT_EMIT_LOC_STRINGS = NO;
				SWIFT_VERSION = 5.0;
				TARGETED_DEVICE_FAMILY = "1,2";
				TEST_TARGET_NAME = Gato;
			};
			name = Debug;
		};
		2A9A88C02BA4A872000DBD54 /* Release */ = {
			isa = XCBuildConfiguration;
			buildSettings = {
				ALWAYS_EMBED_SWIFT_STANDARD_LIBRARIES = YES;
				CODE_SIGN_STYLE = Automatic;
				CURRENT_PROJECT_VERSION = 1;
				GENERATE_INFOPLIST_FILE = YES;
				MARKETING_VERSION = 1.0;
				PRODUCT_BUNDLE_IDENTIFIER = swift.GatoUITests;
				PRODUCT_NAME = "$(TARGET_NAME)";
				SWIFT_EMIT_LOC_STRINGS = NO;
				SWIFT_VERSION = 5.0;
				TARGETED_DEVICE_FAMILY = "1,2";
				TEST_TARGET_NAME = Gato;
			};
			name = Release;
		};
/* End XCBuildConfiguration section */

/* Begin XCConfigurationList section */
		2A9A88892BA4A86E000DBD54 /* Build configuration list for PBXProject "Gato" */ = {
			isa = XCConfigurationList;
			buildConfigurations = (
				2A9A88B62BA4A872000DBD54 /* Debug */,
				2A9A88B72BA4A872000DBD54 /* Release */,
			);
			defaultConfigurationIsVisible = 0;
			defaultConfigurationName = Release;
		};
		2A9A88B82BA4A872000DBD54 /* Build configuration list for PBXNativeTarget "Gato" */ = {
			isa = XCConfigurationList;
			buildConfigurations = (
				2A9A88B92BA4A872000DBD54 /* Debug */,
				2A9A88BA2BA4A872000DBD54 /* Release */,
			);
			defaultConfigurationIsVisible = 0;
			defaultConfigurationName = Release;
		};
		2A9A88BB2BA4A872000DBD54 /* Build configuration list for PBXNativeTarget "GatoTests" */ = {
			isa = XCConfigurationList;
			buildConfigurations = (
				2A9A88BC2BA4A872000DBD54 /* Debug */,
				2A9A88BD2BA4A872000DBD54 /* Release */,
			);
			defaultConfigurationIsVisible = 0;
			defaultConfigurationName = Release;
		};
		2A9A88BE2BA4A872000DBD54 /* Build configuration list for PBXNativeTarget "GatoUITests" */ = {
			isa = XCConfigurationList;
			buildConfigurations = (
				2A9A88BF2BA4A872000DBD54 /* Debug */,
				2A9A88C02BA4A872000DBD54 /* Release */,
			);
			defaultConfigurationIsVisible = 0;
			defaultConfigurationName = Release;
		};
/* End XCConfigurationList section */
	};
	rootObject = 2A9A88862BA4A86E000DBD54 /* Project object */;
}
