// !$*UTF8*$!
{
	archiveVersion = 1;
	classes = {
	};
	objectVersion = 56;
	objects = {

/* Begin PBXBuildFile section */
		2A6993532BC6ED720013C528 /* AppDelegate.swift in Sources */ = {isa = PBXBuildFile; fileRef = 2A6993522BC6ED720013C528 /* AppDelegate.swift */; };
		2A6993552BC6ED720013C528 /* ViewController.swift in Sources */ = {isa = PBXBuildFile; fileRef = 2A6993542BC6ED720013C528 /* ViewController.swift */; };
		2A6993582BC6ED720013C528 /* Base in Resources */ = {isa = PBXBuildFile; fileRef = 2A6993572BC6ED720013C528 /* Base */; };
		2A69935A2BC6ED730013C528 /* Assets.xcassets in Resources */ = {isa = PBXBuildFile; fileRef = 2A6993592BC6ED730013C528 /* Assets.xcassets */; };
		2A69935D2BC6ED730013C528 /* Base in Resources */ = {isa = PBXBuildFile; fileRef = 2A69935C2BC6ED730013C528 /* Base */; };
		2A6993672BC6ED730013C528 /* NavegacionTests.swift in Sources */ = {isa = PBXBuildFile; fileRef = 2A6993662BC6ED730013C528 /* NavegacionTests.swift */; };
		2A6993712BC6ED730013C528 /* NavegacionUITests.swift in Sources */ = {isa = PBXBuildFile; fileRef = 2A6993702BC6ED730013C528 /* NavegacionUITests.swift */; };
		2A6993732BC6ED730013C528 /* NavegacionUITestsLaunchTests.swift in Sources */ = {isa = PBXBuildFile; fileRef = 2A6993722BC6ED730013C528 /* NavegacionUITestsLaunchTests.swift */; };
/* End PBXBuildFile section */

/* Begin PBXContainerItemProxy section */
		2A6993632BC6ED730013C528 /* PBXContainerItemProxy */ = {
			isa = PBXContainerItemProxy;
			containerPortal = 2A6993472BC6ED720013C528 /* Project object */;
			proxyType = 1;
			remoteGlobalIDString = 2A69934E2BC6ED720013C528;
			remoteInfo = Navegacion;
		};
		2A69936D2BC6ED730013C528 /* PBXContainerItemProxy */ = {
			isa = PBXContainerItemProxy;
			containerPortal = 2A6993472BC6ED720013C528 /* Project object */;
			proxyType = 1;
			remoteGlobalIDString = 2A69934E2BC6ED720013C528;
			remoteInfo = Navegacion;
		};
/* End PBXContainerItemProxy section */

/* Begin PBXFileReference section */
		2A69934F2BC6ED720013C528 /* Navegacion.app */ = {isa = PBXFileReference; explicitFileType = wrapper.application; includeInIndex = 0; path = Navegacion.app; sourceTree = BUILT_PRODUCTS_DIR; };
		2A6993522BC6ED720013C528 /* AppDelegate.swift */ = {isa = PBXFileReference; lastKnownFileType = sourcecode.swift; path = AppDelegate.swift; sourceTree = "<group>"; };
		2A6993542BC6ED720013C528 /* ViewController.swift */ = {isa = PBXFileReference; lastKnownFileType = sourcecode.swift; path = ViewController.swift; sourceTree = "<group>"; };
		2A6993572BC6ED720013C528 /* Base */ = {isa = PBXFileReference; lastKnownFileType = file.storyboard; name = Base; path = Base.lproj/Main.storyboard; sourceTree = "<group>"; };
		2A6993592BC6ED730013C528 /* Assets.xcassets */ = {isa = PBXFileReference; lastKnownFileType = folder.assetcatalog; path = Assets.xcassets; sourceTree = "<group>"; };
		2A69935C2BC6ED730013C528 /* Base */ = {isa = PBXFileReference; lastKnownFileType = file.storyboard; name = Base; path = Base.lproj/LaunchScreen.storyboard; sourceTree = "<group>"; };
		2A6993622BC6ED730013C528 /* NavegacionTests.xctest */ = {isa = PBXFileReference; explicitFileType = wrapper.cfbundle; includeInIndex = 0; path = NavegacionTests.xctest; sourceTree = BUILT_PRODUCTS_DIR; };
		2A6993662BC6ED730013C528 /* NavegacionTests.swift */ = {isa = PBXFileReference; lastKnownFileType = sourcecode.swift; path = NavegacionTests.swift; sourceTree = "<group>"; };
		2A69936C2BC6ED730013C528 /* NavegacionUITests.xctest */ = {isa = PBXFileReference; explicitFileType = wrapper.cfbundle; includeInIndex = 0; path = NavegacionUITests.xctest; sourceTree = BUILT_PRODUCTS_DIR; };
		2A6993702BC6ED730013C528 /* NavegacionUITests.swift */ = {isa = PBXFileReference; lastKnownFileType = sourcecode.swift; path = NavegacionUITests.swift; sourceTree = "<group>"; };
		2A6993722BC6ED730013C528 /* NavegacionUITestsLaunchTests.swift */ = {isa = PBXFileReference; lastKnownFileType = sourcecode.swift; path = NavegacionUITestsLaunchTests.swift; sourceTree = "<group>"; };
/* End PBXFileReference section */

/* Begin PBXFrameworksBuildPhase section */
		2A69934C2BC6ED720013C528 /* Frameworks */ = {
			isa = PBXFrameworksBuildPhase;
			buildActionMask = 2147483647;
			files = (
			);
			runOnlyForDeploymentPostprocessing = 0;
		};
		2A69935F2BC6ED730013C528 /* Frameworks */ = {
			isa = PBXFrameworksBuildPhase;
			buildActionMask = 2147483647;
			files = (
			);
			runOnlyForDeploymentPostprocessing = 0;
		};
		2A6993692BC6ED730013C528 /* Frameworks */ = {
			isa = PBXFrameworksBuildPhase;
			buildActionMask = 2147483647;
			files = (
			);
			runOnlyForDeploymentPostprocessing = 0;
		};
/* End PBXFrameworksBuildPhase section */

/* Begin PBXGroup section */
		2A6993462BC6ED720013C528 = {
			isa = PBXGroup;
			children = (
				2A6993512BC6ED720013C528 /* Navegacion */,
				2A6993652BC6ED730013C528 /* NavegacionTests */,
				2A69936F2BC6ED730013C528 /* NavegacionUITests */,
				2A6993502BC6ED720013C528 /* Products */,
			);
			sourceTree = "<group>";
		};
		2A6993502BC6ED720013C528 /* Products */ = {
			isa = PBXGroup;
			children = (
				2A69934F2BC6ED720013C528 /* Navegacion.app */,
				2A6993622BC6ED730013C528 /* NavegacionTests.xctest */,
				2A69936C2BC6ED730013C528 /* NavegacionUITests.xctest */,
			);
			name = Products;
			sourceTree = "<group>";
		};
		2A6993512BC6ED720013C528 /* Navegacion */ = {
			isa = PBXGroup;
			children = (
				2A6993522BC6ED720013C528 /* AppDelegate.swift */,
				2A6993542BC6ED720013C528 /* ViewController.swift */,
				2A6993562BC6ED720013C528 /* Main.storyboard */,
				2A6993592BC6ED730013C528 /* Assets.xcassets */,
				2A69935B2BC6ED730013C528 /* LaunchScreen.storyboard */,
			);
			path = Navegacion;
			sourceTree = "<group>";
		};
		2A6993652BC6ED730013C528 /* NavegacionTests */ = {
			isa = PBXGroup;
			children = (
				2A6993662BC6ED730013C528 /* NavegacionTests.swift */,
			);
			path = NavegacionTests;
			sourceTree = "<group>";
		};
		2A69936F2BC6ED730013C528 /* NavegacionUITests */ = {
			isa = PBXGroup;
			children = (
				2A6993702BC6ED730013C528 /* NavegacionUITests.swift */,
				2A6993722BC6ED730013C528 /* NavegacionUITestsLaunchTests.swift */,
			);
			path = NavegacionUITests;
			sourceTree = "<group>";
		};
/* End PBXGroup section */

/* Begin PBXNativeTarget section */
		2A69934E2BC6ED720013C528 /* Navegacion */ = {
			isa = PBXNativeTarget;
			buildConfigurationList = 2A6993762BC6ED730013C528 /* Build configuration list for PBXNativeTarget "Navegacion" */;
			buildPhases = (
				2A69934B2BC6ED720013C528 /* Sources */,
				2A69934C2BC6ED720013C528 /* Frameworks */,
				2A69934D2BC6ED720013C528 /* Resources */,
			);
			buildRules = (
			);
			dependencies = (
			);
			name = Navegacion;
			productName = Navegacion;
			productReference = 2A69934F2BC6ED720013C528 /* Navegacion.app */;
			productType = "com.apple.product-type.application";
		};
		2A6993612BC6ED730013C528 /* NavegacionTests */ = {
			isa = PBXNativeTarget;
			buildConfigurationList = 2A6993792BC6ED730013C528 /* Build configuration list for PBXNativeTarget "NavegacionTests" */;
			buildPhases = (
				2A69935E2BC6ED730013C528 /* Sources */,
				2A69935F2BC6ED730013C528 /* Frameworks */,
				2A6993602BC6ED730013C528 /* Resources */,
			);
			buildRules = (
			);
			dependencies = (
				2A6993642BC6ED730013C528 /* PBXTargetDependency */,
			);
			name = NavegacionTests;
			productName = NavegacionTests;
			productReference = 2A6993622BC6ED730013C528 /* NavegacionTests.xctest */;
			productType = "com.apple.product-type.bundle.unit-test";
		};
		2A69936B2BC6ED730013C528 /* NavegacionUITests */ = {
			isa = PBXNativeTarget;
			buildConfigurationList = 2A69937C2BC6ED730013C528 /* Build configuration list for PBXNativeTarget "NavegacionUITests" */;
			buildPhases = (
				2A6993682BC6ED730013C528 /* Sources */,
				2A6993692BC6ED730013C528 /* Frameworks */,
				2A69936A2BC6ED730013C528 /* Resources */,
			);
			buildRules = (
			);
			dependencies = (
				2A69936E2BC6ED730013C528 /* PBXTargetDependency */,
			);
			name = NavegacionUITests;
			productName = NavegacionUITests;
			productReference = 2A69936C2BC6ED730013C528 /* NavegacionUITests.xctest */;
			productType = "com.apple.product-type.bundle.ui-testing";
		};
/* End PBXNativeTarget section */

/* Begin PBXProject section */
		2A6993472BC6ED720013C528 /* Project object */ = {
			isa = PBXProject;
			attributes = {
				BuildIndependentTargetsInParallel = 1;
				LastSwiftUpdateCheck = 1530;
				LastUpgradeCheck = 1530;
				TargetAttributes = {
					2A69934E2BC6ED720013C528 = {
						CreatedOnToolsVersion = 15.3;
					};
					2A6993612BC6ED730013C528 = {
						CreatedOnToolsVersion = 15.3;
						TestTargetID = 2A69934E2BC6ED720013C528;
					};
					2A69936B2BC6ED730013C528 = {
						CreatedOnToolsVersion = 15.3;
						TestTargetID = 2A69934E2BC6ED720013C528;
					};
				};
			};
			buildConfigurationList = 2A69934A2BC6ED720013C528 /* Build configuration list for PBXProject "Navegacion" */;
			compatibilityVersion = "Xcode 14.0";
			developmentRegion = en;
			hasScannedForEncodings = 0;
			knownRegions = (
				en,
				Base,
			);
			mainGroup = 2A6993462BC6ED720013C528;
			productRefGroup = 2A6993502BC6ED720013C528 /* Products */;
			projectDirPath = "";
			projectRoot = "";
			targets = (
				2A69934E2BC6ED720013C528 /* Navegacion */,
				2A6993612BC6ED730013C528 /* NavegacionTests */,
				2A69936B2BC6ED730013C528 /* NavegacionUITests */,
			);
		};
/* End PBXProject section */

/* Begin PBXResourcesBuildPhase section */
		2A69934D2BC6ED720013C528 /* Resources */ = {
			isa = PBXResourcesBuildPhase;
			buildActionMask = 2147483647;
			files = (
				2A69935A2BC6ED730013C528 /* Assets.xcassets in Resources */,
				2A69935D2BC6ED730013C528 /* Base in Resources */,
				2A6993582BC6ED720013C528 /* Base in Resources */,
			);
			runOnlyForDeploymentPostprocessing = 0;
		};
		2A6993602BC6ED730013C528 /* Resources */ = {
			isa = PBXResourcesBuildPhase;
			buildActionMask = 2147483647;
			files = (
			);
			runOnlyForDeploymentPostprocessing = 0;
		};
		2A69936A2BC6ED730013C528 /* Resources */ = {
			isa = PBXResourcesBuildPhase;
			buildActionMask = 2147483647;
			files = (
			);
			runOnlyForDeploymentPostprocessing = 0;
		};
/* End PBXResourcesBuildPhase section */

/* Begin PBXSourcesBuildPhase section */
		2A69934B2BC6ED720013C528 /* Sources */ = {
			isa = PBXSourcesBuildPhase;
			buildActionMask = 2147483647;
			files = (
				2A6993552BC6ED720013C528 /* ViewController.swift in Sources */,
				2A6993532BC6ED720013C528 /* AppDelegate.swift in Sources */,
			);
			runOnlyForDeploymentPostprocessing = 0;
		};
		2A69935E2BC6ED730013C528 /* Sources */ = {
			isa = PBXSourcesBuildPhase;
			buildActionMask = 2147483647;
			files = (
				2A6993672BC6ED730013C528 /* NavegacionTests.swift in Sources */,
			);
			runOnlyForDeploymentPostprocessing = 0;
		};
		2A6993682BC6ED730013C528 /* Sources */ = {
			isa = PBXSourcesBuildPhase;
			buildActionMask = 2147483647;
			files = (
				2A6993712BC6ED730013C528 /* NavegacionUITests.swift in Sources */,
				2A6993732BC6ED730013C528 /* NavegacionUITestsLaunchTests.swift in Sources */,
			);
			runOnlyForDeploymentPostprocessing = 0;
		};
/* End PBXSourcesBuildPhase section */

/* Begin PBXTargetDependency section */
		2A6993642BC6ED730013C528 /* PBXTargetDependency */ = {
			isa = PBXTargetDependency;
			target = 2A69934E2BC6ED720013C528 /* Navegacion */;
			targetProxy = 2A6993632BC6ED730013C528 /* PBXContainerItemProxy */;
		};
		2A69936E2BC6ED730013C528 /* PBXTargetDependency */ = {
			isa = PBXTargetDependency;
			target = 2A69934E2BC6ED720013C528 /* Navegacion */;
			targetProxy = 2A69936D2BC6ED730013C528 /* PBXContainerItemProxy */;
		};
/* End PBXTargetDependency section */

/* Begin PBXVariantGroup section */
		2A6993562BC6ED720013C528 /* Main.storyboard */ = {
			isa = PBXVariantGroup;
			children = (
				2A6993572BC6ED720013C528 /* Base */,
			);
			name = Main.storyboard;
			sourceTree = "<group>";
		};
		2A69935B2BC6ED730013C528 /* LaunchScreen.storyboard */ = {
			isa = PBXVariantGroup;
			children = (
				2A69935C2BC6ED730013C528 /* Base */,
			);
			name = LaunchScreen.storyboard;
			sourceTree = "<group>";
		};
/* End PBXVariantGroup section */

/* Begin XCBuildConfiguration section */
		2A6993742BC6ED730013C528 /* Debug */ = {
			isa = XCBuildConfiguration;
			buildSettings = {
				ALWAYS_SEARCH_USER_PATHS = NO;
				ASSETCATALOG_COMPILER_GENERATE_SWIFT_ASSET_SYMBOL_EXTENSIONS = YES;
				CLANG_ANALYZER_NONNULL = YES;
				CLANG_ANALYZER_NUMBER_OBJECT_CONVERSION = YES_AGGRESSIVE;
				CLANG_CXX_LANGUAGE_STANDARD = "gnu++20";
				CLANG_ENABLE_MODULES = YES;
				CLANG_ENABLE_OBJC_ARC = YES;
				CLANG_ENABLE_OBJC_WEAK = YES;
				CLANG_WARN_BLOCK_CAPTURE_AUTORELEASING = YES;
				CLANG_WARN_BOOL_CONVERSION = YES;
				CLANG_WARN_COMMA = YES;
				CLANG_WARN_CONSTANT_CONVERSION = YES;
				CLANG_WARN_DEPRECATED_OBJC_IMPLEMENTATIONS = YES;
				CLANG_WARN_DIRECT_OBJC_ISA_USAGE = YES_ERROR;
				CLANG_WARN_DOCUMENTATION_COMMENTS = YES;
				CLANG_WARN_EMPTY_BODY = YES;
				CLANG_WARN_ENUM_CONVERSION = YES;
				CLANG_WARN_INFINITE_RECURSION = YES;
				CLANG_WARN_INT_CONVERSION = YES;
				CLANG_WARN_NON_LITERAL_NULL_CONVERSION = YES;
				CLANG_WARN_OBJC_IMPLICIT_RETAIN_SELF = YES;
				CLANG_WARN_OBJC_LITERAL_CONVERSION = YES;
				CLANG_WARN_OBJC_ROOT_CLASS = YES_ERROR;
				CLANG_WARN_QUOTED_INCLUDE_IN_FRAMEWORK_HEADER = YES;
				CLANG_WARN_RANGE_LOOP_ANALYSIS = YES;
				CLANG_WARN_STRICT_PROTOTYPES = YES;
				CLANG_WARN_SUSPICIOUS_MOVE = YES;
				CLANG_WARN_UNGUARDED_AVAILABILITY = YES_AGGRESSIVE;
				CLANG_WARN_UNREACHABLE_CODE = YES;
				CLANG_WARN__DUPLICATE_METHOD_MATCH = YES;
				COPY_PHASE_STRIP = NO;
				DEBUG_INFORMATION_FORMAT = dwarf;
				ENABLE_STRICT_OBJC_MSGSEND = YES;
				ENABLE_TESTABILITY = YES;
				ENABLE_USER_SCRIPT_SANDBOXING = YES;
				GCC_C_LANGUAGE_STANDARD = gnu17;
				GCC_DYNAMIC_NO_PIC = NO;
				GCC_NO_COMMON_BLOCKS = YES;
				GCC_OPTIMIZATION_LEVEL = 0;
				GCC_PREPROCESSOR_DEFINITIONS = (
					"DEBUG=1",
					"$(inherited)",
				);
				GCC_WARN_64_TO_32_BIT_CONVERSION = YES;
				GCC_WARN_ABOUT_RETURN_TYPE = YES_ERROR;
				GCC_WARN_UNDECLARED_SELECTOR = YES;
				GCC_WARN_UNINITIALIZED_AUTOS = YES_AGGRESSIVE;
				GCC_WARN_UNUSED_FUNCTION = YES;
				GCC_WARN_UNUSED_VARIABLE = YES;
				LOCALIZATION_PREFERS_STRING_CATALOGS = YES;
				MTL_ENABLE_DEBUG_INFO = INCLUDE_SOURCE;
				MTL_FAST_MATH = YES;
				ONLY_ACTIVE_ARCH = YES;
				SDKROOT = appletvos;
				SWIFT_ACTIVE_COMPILATION_CONDITIONS = "DEBUG $(inherited)";
				SWIFT_OPTIMIZATION_LEVEL = "-Onone";
				TVOS_DEPLOYMENT_TARGET = 17.4;
			};
			name = Debug;
		};
		2A6993752BC6ED730013C528 /* Release */ = {
			isa = XCBuildConfiguration;
			buildSettings = {
				ALWAYS_SEARCH_USER_PATHS = NO;
				ASSETCATALOG_COMPILER_GENERATE_SWIFT_ASSET_SYMBOL_EXTENSIONS = YES;
				CLANG_ANALYZER_NONNULL = YES;
				CLANG_ANALYZER_NUMBER_OBJECT_CONVERSION = YES_AGGRESSIVE;
				CLANG_CXX_LANGUAGE_STANDARD = "gnu++20";
				CLANG_ENABLE_MODULES = YES;
				CLANG_ENABLE_OBJC_ARC = YES;
				CLANG_ENABLE_OBJC_WEAK = YES;
				CLANG_WARN_BLOCK_CAPTURE_AUTORELEASING = YES;
				CLANG_WARN_BOOL_CONVERSION = YES;
				CLANG_WARN_COMMA = YES;
				CLANG_WARN_CONSTANT_CONVERSION = YES;
				CLANG_WARN_DEPRECATED_OBJC_IMPLEMENTATIONS = YES;
				CLANG_WARN_DIRECT_OBJC_ISA_USAGE = YES_ERROR;
				CLANG_WARN_DOCUMENTATION_COMMENTS = YES;
				CLANG_WARN_EMPTY_BODY = YES;
				CLANG_WARN_ENUM_CONVERSION = YES;
				CLANG_WARN_INFINITE_RECURSION = YES;
				CLANG_WARN_INT_CONVERSION = YES;
				CLANG_WARN_NON_LITERAL_NULL_CONVERSION = YES;
				CLANG_WARN_OBJC_IMPLICIT_RETAIN_SELF = YES;
				CLANG_WARN_OBJC_LITERAL_CONVERSION = YES;
				CLANG_WARN_OBJC_ROOT_CLASS = YES_ERROR;
				CLANG_WARN_QUOTED_INCLUDE_IN_FRAMEWORK_HEADER = YES;
				CLANG_WARN_RANGE_LOOP_ANALYSIS = YES;
				CLANG_WARN_STRICT_PROTOTYPES = YES;
				CLANG_WARN_SUSPICIOUS_MOVE = YES;
				CLANG_WARN_UNGUARDED_AVAILABILITY = YES_AGGRESSIVE;
				CLANG_WARN_UNREACHABLE_CODE = YES;
				CLANG_WARN__DUPLICATE_METHOD_MATCH = YES;
				COPY_PHASE_STRIP = NO;
				DEBUG_INFORMATION_FORMAT = "dwarf-with-dsym";
				ENABLE_NS_ASSERTIONS = NO;
				ENABLE_STRICT_OBJC_MSGSEND = YES;
				ENABLE_USER_SCRIPT_SANDBOXING = YES;
				GCC_C_LANGUAGE_STANDARD = gnu17;
				GCC_NO_COMMON_BLOCKS = YES;
				GCC_WARN_64_TO_32_BIT_CONVERSION = YES;
				GCC_WARN_ABOUT_RETURN_TYPE = YES_ERROR;
				GCC_WARN_UNDECLARED_SELECTOR = YES;
				GCC_WARN_UNINITIALIZED_AUTOS = YES_AGGRESSIVE;
				GCC_WARN_UNUSED_FUNCTION = YES;
				GCC_WARN_UNUSED_VARIABLE = YES;
				LOCALIZATION_PREFERS_STRING_CATALOGS = YES;
				MTL_ENABLE_DEBUG_INFO = NO;
				MTL_FAST_MATH = YES;
				SDKROOT = appletvos;
				SWIFT_COMPILATION_MODE = wholemodule;
				TVOS_DEPLOYMENT_TARGET = 17.4;
				VALIDATE_PRODUCT = YES;
			};
			name = Release;
		};
		2A6993772BC6ED730013C528 /* Debug */ = {
			isa = XCBuildConfiguration;
			buildSettings = {
				ASSETCATALOG_COMPILER_APPICON_NAME = "App Icon & Top Shelf Image";
				ASSETCATALOG_COMPILER_GLOBAL_ACCENT_COLOR_NAME = AccentColor;
				CODE_SIGN_STYLE = Automatic;
				CURRENT_PROJECT_VERSION = 1;
				GENERATE_INFOPLIST_FILE = YES;
				INFOPLIST_KEY_UILaunchStoryboardName = LaunchScreen;
				INFOPLIST_KEY_UIMainStoryboardFile = Main;
				INFOPLIST_KEY_UIUserInterfaceStyle = Automatic;
				LD_RUNPATH_SEARCH_PATHS = (
					"$(inherited)",
					"@executable_path/Frameworks",
				);
				MARKETING_VERSION = 1.0;
				PRODUCT_BUNDLE_IDENTIFIER = swift.Navegacion;
				PRODUCT_NAME = "$(TARGET_NAME)";
				SWIFT_EMIT_LOC_STRINGS = YES;
				SWIFT_VERSION = 5.0;
				TARGETED_DEVICE_FAMILY = 3;
			};
			name = Debug;
		};
		2A6993782BC6ED730013C528 /* Release */ = {
			isa = XCBuildConfiguration;
			buildSettings = {
				ASSETCATALOG_COMPILER_APPICON_NAME = "App Icon & Top Shelf Image";
				ASSETCATALOG_COMPILER_GLOBAL_ACCENT_COLOR_NAME = AccentColor;
				CODE_SIGN_STYLE = Automatic;
				CURRENT_PROJECT_VERSION = 1;
				GENERATE_INFOPLIST_FILE = YES;
				INFOPLIST_KEY_UILaunchStoryboardName = LaunchScreen;
				INFOPLIST_KEY_UIMainStoryboardFile = Main;
				INFOPLIST_KEY_UIUserInterfaceStyle = Automatic;
				LD_RUNPATH_SEARCH_PATHS = (
					"$(inherited)",
					"@executable_path/Frameworks",
				);
				MARKETING_VERSION = 1.0;
				PRODUCT_BUNDLE_IDENTIFIER = swift.Navegacion;
				PRODUCT_NAME = "$(TARGET_NAME)";
				SWIFT_EMIT_LOC_STRINGS = YES;
				SWIFT_VERSION = 5.0;
				TARGETED_DEVICE_FAMILY = 3;
			};
			name = Release;
		};
		2A69937A2BC6ED730013C528 /* Debug */ = {
			isa = XCBuildConfiguration;
			buildSettings = {
				ALWAYS_EMBED_SWIFT_STANDARD_LIBRARIES = YES;
				BUNDLE_LOADER = "$(TEST_HOST)";
				CODE_SIGN_STYLE = Automatic;
				CURRENT_PROJECT_VERSION = 1;
				GENERATE_INFOPLIST_FILE = YES;
				MARKETING_VERSION = 1.0;
				PRODUCT_BUNDLE_IDENTIFIER = swift.NavegacionTests;
				PRODUCT_NAME = "$(TARGET_NAME)";
				SWIFT_EMIT_LOC_STRINGS = NO;
				SWIFT_VERSION = 5.0;
				TARGETED_DEVICE_FAMILY = 3;
				TEST_HOST = "$(BUILT_PRODUCTS_DIR)/Navegacion.app/$(BUNDLE_EXECUTABLE_FOLDER_PATH)/Navegacion";
				TVOS_DEPLOYMENT_TARGET = 17.4;
			};
			name = Debug;
		};
		2A69937B2BC6ED730013C528 /* Release */ = {
			isa = XCBuildConfiguration;
			buildSettings = {
				ALWAYS_EMBED_SWIFT_STANDARD_LIBRARIES = YES;
				BUNDLE_LOADER = "$(TEST_HOST)";
				CODE_SIGN_STYLE = Automatic;
				CURRENT_PROJECT_VERSION = 1;
				GENERATE_INFOPLIST_FILE = YES;
				MARKETING_VERSION = 1.0;
				PRODUCT_BUNDLE_IDENTIFIER = swift.NavegacionTests;
				PRODUCT_NAME = "$(TARGET_NAME)";
				SWIFT_EMIT_LOC_STRINGS = NO;
				SWIFT_VERSION = 5.0;
				TARGETED_DEVICE_FAMILY = 3;
				TEST_HOST = "$(BUILT_PRODUCTS_DIR)/Navegacion.app/$(BUNDLE_EXECUTABLE_FOLDER_PATH)/Navegacion";
				TVOS_DEPLOYMENT_TARGET = 17.4;
			};
			name = Release;
		};
		2A69937D2BC6ED730013C528 /* Debug */ = {
			isa = XCBuildConfiguration;
			buildSettings = {
				ALWAYS_EMBED_SWIFT_STANDARD_LIBRARIES = YES;
				CODE_SIGN_STYLE = Automatic;
				CURRENT_PROJECT_VERSION = 1;
				GENERATE_INFOPLIST_FILE = YES;
				MARKETING_VERSION = 1.0;
				PRODUCT_BUNDLE_IDENTIFIER = swift.NavegacionUITests;
				PRODUCT_NAME = "$(TARGET_NAME)";
				SWIFT_EMIT_LOC_STRINGS = NO;
				SWIFT_VERSION = 5.0;
				TARGETED_DEVICE_FAMILY = 3;
				TEST_TARGET_NAME = Navegacion;
			};
			name = Debug;
		};
		2A69937E2BC6ED730013C528 /* Release */ = {
			isa = XCBuildConfiguration;
			buildSettings = {
				ALWAYS_EMBED_SWIFT_STANDARD_LIBRARIES = YES;
				CODE_SIGN_STYLE = Automatic;
				CURRENT_PROJECT_VERSION = 1;
				GENERATE_INFOPLIST_FILE = YES;
				MARKETING_VERSION = 1.0;
				PRODUCT_BUNDLE_IDENTIFIER = swift.NavegacionUITests;
				PRODUCT_NAME = "$(TARGET_NAME)";
				SWIFT_EMIT_LOC_STRINGS = NO;
				SWIFT_VERSION = 5.0;
				TARGETED_DEVICE_FAMILY = 3;
				TEST_TARGET_NAME = Navegacion;
			};
			name = Release;
		};
/* End XCBuildConfiguration section */

/* Begin XCConfigurationList section */
		2A69934A2BC6ED720013C528 /* Build configuration list for PBXProject "Navegacion" */ = {
			isa = XCConfigurationList;
			buildConfigurations = (
				2A6993742BC6ED730013C528 /* Debug */,
				2A6993752BC6ED730013C528 /* Release */,
			);
			defaultConfigurationIsVisible = 0;
			defaultConfigurationName = Release;
		};
		2A6993762BC6ED730013C528 /* Build configuration list for PBXNativeTarget "Navegacion" */ = {
			isa = XCConfigurationList;
			buildConfigurations = (
				2A6993772BC6ED730013C528 /* Debug */,
				2A6993782BC6ED730013C528 /* Release */,
			);
			defaultConfigurationIsVisible = 0;
			defaultConfigurationName = Release;
		};
		2A6993792BC6ED730013C528 /* Build configuration list for PBXNativeTarget "NavegacionTests" */ = {
			isa = XCConfigurationList;
			buildConfigurations = (
				2A69937A2BC6ED730013C528 /* Debug */,
				2A69937B2BC6ED730013C528 /* Release */,
			);
			defaultConfigurationIsVisible = 0;
			defaultConfigurationName = Release;
		};
		2A69937C2BC6ED730013C528 /* Build configuration list for PBXNativeTarget "NavegacionUITests" */ = {
			isa = XCConfigurationList;
			buildConfigurations = (
				2A69937D2BC6ED730013C528 /* Debug */,
				2A69937E2BC6ED730013C528 /* Release */,
			);
			defaultConfigurationIsVisible = 0;
			defaultConfigurationName = Release;
		};
/* End XCConfigurationList section */
	};
	rootObject = 2A6993472BC6ED720013C528 /* Project object */;
}
