// !$*UTF8*$!
{
	archiveVersion = 1;
	classes = {
	};
	objectVersion = 56;
	objects = {

/* Begin PBXBuildFile section */
		C222E21D2BD02B5100818929 /* AppDelegate.swift in Sources */ = {isa = PBXBuildFile; fileRef = C222E21C2BD02B5100818929 /* AppDelegate.swift */; };
		C222E21F2BD02B5100818929 /* SceneDelegate.swift in Sources */ = {isa = PBXBuildFile; fileRef = C222E21E2BD02B5100818929 /* SceneDelegate.swift */; };
		C222E2212BD02B5100818929 /* ViewController.swift in Sources */ = {isa = PBXBuildFile; fileRef = C222E2202BD02B5100818929 /* ViewController.swift */; };
		C222E2242BD02B5200818929 /* Base in Resources */ = {isa = PBXBuildFile; fileRef = C222E2232BD02B5200818929 /* Base */; };
		C222E2262BD02B5400818929 /* Assets.xcassets in Resources */ = {isa = PBXBuildFile; fileRef = C222E2252BD02B5400818929 /* Assets.xcassets */; };
		C222E2292BD02B5400818929 /* Base in Resources */ = {isa = PBXBuildFile; fileRef = C222E2282BD02B5400818929 /* Base */; };
		C222E2312BD02D4300818929 /* celda.swift in Sources */ = {isa = PBXBuildFile; fileRef = C222E2302BD02D4300818929 /* celda.swift */; };
		C222E2332BD032D600818929 /* ViewControllerDetalle.swift in Sources */ = {isa = PBXBuildFile; fileRef = C222E2322BD032D600818929 /* ViewControllerDetalle.swift */; };
		C222E2352BD0364200818929 /* alumnos.swift in Sources */ = {isa = PBXBuildFile; fileRef = C222E2342BD0364200818929 /* alumnos.swift */; };
/* End PBXBuildFile section */

/* Begin PBXFileReference section */
		C222E2192BD02B5100818929 /* listas.app */ = {isa = PBXFileReference; explicitFileType = wrapper.application; includeInIndex = 0; path = listas.app; sourceTree = BUILT_PRODUCTS_DIR; };
		C222E21C2BD02B5100818929 /* AppDelegate.swift */ = {isa = PBXFileReference; lastKnownFileType = sourcecode.swift; path = AppDelegate.swift; sourceTree = "<group>"; };
		C222E21E2BD02B5100818929 /* SceneDelegate.swift */ = {isa = PBXFileReference; lastKnownFileType = sourcecode.swift; path = SceneDelegate.swift; sourceTree = "<group>"; };
		C222E2202BD02B5100818929 /* ViewController.swift */ = {isa = PBXFileReference; lastKnownFileType = sourcecode.swift; path = ViewController.swift; sourceTree = "<group>"; };
		C222E2232BD02B5200818929 /* Base */ = {isa = PBXFileReference; lastKnownFileType = file.storyboard; name = Base; path = Base.lproj/Main.storyboard; sourceTree = "<group>"; };
		C222E2252BD02B5400818929 /* Assets.xcassets */ = {isa = PBXFileReference; lastKnownFileType = folder.assetcatalog; path = Assets.xcassets; sourceTree = "<group>"; };
		C222E2282BD02B5400818929 /* Base */ = {isa = PBXFileReference; lastKnownFileType = file.storyboard; name = Base; path = Base.lproj/LaunchScreen.storyboard; sourceTree = "<group>"; };
		C222E22A2BD02B5400818929 /* Info.plist */ = {isa = PBXFileReference; lastKnownFileType = text.plist.xml; path = Info.plist; sourceTree = "<group>"; };
		C222E2302BD02D4300818929 /* celda.swift */ = {isa = PBXFileReference; lastKnownFileType = sourcecode.swift; path = celda.swift; sourceTree = "<group>"; };
		C222E2322BD032D600818929 /* ViewControllerDetalle.swift */ = {isa = PBXFileReference; lastKnownFileType = sourcecode.swift; path = ViewControllerDetalle.swift; sourceTree = "<group>"; };
		C222E2342BD0364200818929 /* alumnos.swift */ = {isa = PBXFileReference; lastKnownFileType = sourcecode.swift; path = alumnos.swift; sourceTree = "<group>"; };
/* End PBXFileReference section */

/* Begin PBXFrameworksBuildPhase section */
		C222E2162BD02B5100818929 /* Frameworks */ = {
			isa = PBXFrameworksBuildPhase;
			buildActionMask = 2147483647;
			files = (
			);
			runOnlyForDeploymentPostprocessing = 0;
		};
/* End PBXFrameworksBuildPhase section */

/* Begin PBXGroup section */
		C222E2102BD02B5100818929 = {
			isa = PBXGroup;
			children = (
				C222E2342BD0364200818929 /* alumnos.swift */,
				C222E21B2BD02B5100818929 /* listas */,
				C222E21A2BD02B5100818929 /* Products */,
			);
			sourceTree = "<group>";
		};
		C222E21A2BD02B5100818929 /* Products */ = {
			isa = PBXGroup;
			children = (
				C222E2192BD02B5100818929 /* listas.app */,
			);
			name = Products;
			sourceTree = "<group>";
		};
		C222E21B2BD02B5100818929 /* listas */ = {
			isa = PBXGroup;
			children = (
				C222E21C2BD02B5100818929 /* AppDelegate.swift */,
				C222E21E2BD02B5100818929 /* SceneDelegate.swift */,
				C222E2202BD02B5100818929 /* ViewController.swift */,
				C222E2222BD02B5200818929 /* Main.storyboard */,
				C222E2252BD02B5400818929 /* Assets.xcassets */,
				C222E2272BD02B5400818929 /* LaunchScreen.storyboard */,
				C222E22A2BD02B5400818929 /* Info.plist */,
				C222E2302BD02D4300818929 /* celda.swift */,
				C222E2322BD032D600818929 /* ViewControllerDetalle.swift */,
			);
			path = listas;
			sourceTree = "<group>";
		};
/* End PBXGroup section */

/* Begin PBXNativeTarget section */
		C222E2182BD02B5100818929 /* listas */ = {
			isa = PBXNativeTarget;
			buildConfigurationList = C222E22D2BD02B5400818929 /* Build configuration list for PBXNativeTarget "listas" */;
			buildPhases = (
				C222E2152BD02B5100818929 /* Sources */,
				C222E2162BD02B5100818929 /* Frameworks */,
				C222E2172BD02B5100818929 /* Resources */,
			);
			buildRules = (
			);
			dependencies = (
			);
			name = listas;
			productName = listas;
			productReference = C222E2192BD02B5100818929 /* listas.app */;
			productType = "com.apple.product-type.application";
		};
/* End PBXNativeTarget section */

/* Begin PBXProject section */
		C222E2112BD02B5100818929 /* Project object */ = {
			isa = PBXProject;
			attributes = {
				BuildIndependentTargetsInParallel = 1;
				LastSwiftUpdateCheck = 1530;
				LastUpgradeCheck = 1530;
				TargetAttributes = {
					C222E2182BD02B5100818929 = {
						CreatedOnToolsVersion = 15.3;
					};
				};
			};
			buildConfigurationList = C222E2142BD02B5100818929 /* Build configuration list for PBXProject "listas" */;
			compatibilityVersion = "Xcode 14.0";
			developmentRegion = en;
			hasScannedForEncodings = 0;
			knownRegions = (
				en,
				Base,
			);
			mainGroup = C222E2102BD02B5100818929;
			productRefGroup = C222E21A2BD02B5100818929 /* Products */;
			projectDirPath = "";
			projectRoot = "";
			targets = (
				C222E2182BD02B5100818929 /* listas */,
			);
		};
/* End PBXProject section */

/* Begin PBXResourcesBuildPhase section */
		C222E2172BD02B5100818929 /* Resources */ = {
			isa = PBXResourcesBuildPhase;
			buildActionMask = 2147483647;
			files = (
				C222E2262BD02B5400818929 /* Assets.xcassets in Resources */,
				C222E2292BD02B5400818929 /* Base in Resources */,
				C222E2242BD02B5200818929 /* Base in Resources */,
			);
			runOnlyForDeploymentPostprocessing = 0;
		};
/* End PBXResourcesBuildPhase section */

/* Begin PBXSourcesBuildPhase section */
		C222E2152BD02B5100818929 /* Sources */ = {
			isa = PBXSourcesBuildPhase;
			buildActionMask = 2147483647;
			files = (
				C222E2212BD02B5100818929 /* ViewController.swift in Sources */,
				C222E21D2BD02B5100818929 /* AppDelegate.swift in Sources */,
				C222E21F2BD02B5100818929 /* SceneDelegate.swift in Sources */,
				C222E2352BD0364200818929 /* alumnos.swift in Sources */,
				C222E2332BD032D600818929 /* ViewControllerDetalle.swift in Sources */,
				C222E2312BD02D4300818929 /* celda.swift in Sources */,
			);
			runOnlyForDeploymentPostprocessing = 0;
		};
/* End PBXSourcesBuildPhase section */

/* Begin PBXVariantGroup section */
		C222E2222BD02B5200818929 /* Main.storyboard */ = {
			isa = PBXVariantGroup;
			children = (
				C222E2232BD02B5200818929 /* Base */,
			);
			name = Main.storyboard;
			sourceTree = "<group>";
		};
		C222E2272BD02B5400818929 /* LaunchScreen.storyboard */ = {
			isa = PBXVariantGroup;
			children = (
				C222E2282BD02B5400818929 /* Base */,
			);
			name = LaunchScreen.storyboard;
			sourceTree = "<group>";
		};
/* End PBXVariantGroup section */

/* Begin XCBuildConfiguration section */
		C222E22B2BD02B5400818929 /* Debug */ = {
			isa = XCBuildConfiguration;
			buildSettings = {
				ALWAYS_SEARCH_USER_PATHS = NO;
				ASSETCATALOG_COMPILER_GENERATE_SWIFT_ASSET_SYMBOL_EXTENSIONS = YES;
				CLANG_ANALYZER_NONNULL = YES;
				CLANG_ANALYZER_NUMBER_OBJECT_CONVERSION = YES_AGGRESSIVE;
				CLANG_CXX_LANGUAGE_STANDARD = "gnu++20";
				CLANG_ENABLE_MODULES = YES;
				CLANG_ENABLE_OBJC_ARC = YES;
				CLANG_ENABLE_OBJC_WEAK = YES;
				CLANG_WARN_BLOCK_CAPTURE_AUTORELEASING = YES;
				CLANG_WARN_BOOL_CONVERSION = YES;
				CLANG_WARN_COMMA = YES;
				CLANG_WARN_CONSTANT_CONVERSION = YES;
				CLANG_WARN_DEPRECATED_OBJC_IMPLEMENTATIONS = YES;
				CLANG_WARN_DIRECT_OBJC_ISA_USAGE = YES_ERROR;
				CLANG_WARN_DOCUMENTATION_COMMENTS = YES;
				CLANG_WARN_EMPTY_BODY = YES;
				CLANG_WARN_ENUM_CONVERSION = YES;
				CLANG_WARN_INFINITE_RECURSION = YES;
				CLANG_WARN_INT_CONVERSION = YES;
				CLANG_WARN_NON_LITERAL_NULL_CONVERSION = YES;
				CLANG_WARN_OBJC_IMPLICIT_RETAIN_SELF = YES;
				CLANG_WARN_OBJC_LITERAL_CONVERSION = YES;
				CLANG_WARN_OBJC_ROOT_CLASS = YES_ERROR;
				CLANG_WARN_QUOTED_INCLUDE_IN_FRAMEWORK_HEADER = YES;
				CLANG_WARN_RANGE_LOOP_ANALYSIS = YES;
				CLANG_WARN_STRICT_PROTOTYPES = YES;
				CLANG_WARN_SUSPICIOUS_MOVE = YES;
				CLANG_WARN_UNGUARDED_AVAILABILITY = YES_AGGRESSIVE;
				CLANG_WARN_UNREACHABLE_CODE = YES;
				CLANG_WARN__DUPLICATE_METHOD_MATCH = YES;
				COPY_PHASE_STRIP = NO;
				DEBUG_INFORMATION_FORMAT = dwarf;
				ENABLE_STRICT_OBJC_MSGSEND = YES;
				ENABLE_TESTABILITY = YES;
				ENABLE_USER_SCRIPT_SANDBOXING = YES;
				GCC_C_LANGUAGE_STANDARD = gnu17;
				GCC_DYNAMIC_NO_PIC = NO;
				GCC_NO_COMMON_BLOCKS = YES;
				GCC_OPTIMIZATION_LEVEL = 0;
				GCC_PREPROCESSOR_DEFINITIONS = (
					"DEBUG=1",
					"$(inherited)",
				);
				GCC_WARN_64_TO_32_BIT_CONVERSION = YES;
				GCC_WARN_ABOUT_RETURN_TYPE = YES_ERROR;
				GCC_WARN_UNDECLARED_SELECTOR = YES;
				GCC_WARN_UNINITIALIZED_AUTOS = YES_AGGRESSIVE;
				GCC_WARN_UNUSED_FUNCTION = YES;
				GCC_WARN_UNUSED_VARIABLE = YES;
				IPHONEOS_DEPLOYMENT_TARGET = 17.4;
				LOCALIZATION_PREFERS_STRING_CATALOGS = YES;
				MTL_ENABLE_DEBUG_INFO = INCLUDE_SOURCE;
				MTL_FAST_MATH = YES;
				ONLY_ACTIVE_ARCH = YES;
				SDKROOT = iphoneos;
				SWIFT_ACTIVE_COMPILATION_CONDITIONS = "DEBUG $(inherited)";
				SWIFT_OPTIMIZATION_LEVEL = "-Onone";
			};
			name = Debug;
		};
		C222E22C2BD02B5400818929 /* Release */ = {
			isa = XCBuildConfiguration;
			buildSettings = {
				ALWAYS_SEARCH_USER_PATHS = NO;
				ASSETCATALOG_COMPILER_GENERATE_SWIFT_ASSET_SYMBOL_EXTENSIONS = YES;
				CLANG_ANALYZER_NONNULL = YES;
				CLANG_ANALYZER_NUMBER_OBJECT_CONVERSION = YES_AGGRESSIVE;
				CLANG_CXX_LANGUAGE_STANDARD = "gnu++20";
				CLANG_ENABLE_MODULES = YES;
				CLANG_ENABLE_OBJC_ARC = YES;
				CLANG_ENABLE_OBJC_WEAK = YES;
				CLANG_WARN_BLOCK_CAPTURE_AUTORELEASING = YES;
				CLANG_WARN_BOOL_CONVERSION = YES;
				CLANG_WARN_COMMA = YES;
				CLANG_WARN_CONSTANT_CONVERSION = YES;
				CLANG_WARN_DEPRECATED_OBJC_IMPLEMENTATIONS = YES;
				CLANG_WARN_DIRECT_OBJC_ISA_USAGE = YES_ERROR;
				CLANG_WARN_DOCUMENTATION_COMMENTS = YES;
				CLANG_WARN_EMPTY_BODY = YES;
				CLANG_WARN_ENUM_CONVERSION = YES;
				CLANG_WARN_INFINITE_RECURSION = YES;
				CLANG_WARN_INT_CONVERSION = YES;
				CLANG_WARN_NON_LITERAL_NULL_CONVERSION = YES;
				CLANG_WARN_OBJC_IMPLICIT_RETAIN_SELF = YES;
				CLANG_WARN_OBJC_LITERAL_CONVERSION = YES;
				CLANG_WARN_OBJC_ROOT_CLASS = YES_ERROR;
				CLANG_WARN_QUOTED_INCLUDE_IN_FRAMEWORK_HEADER = YES;
				CLANG_WARN_RANGE_LOOP_ANALYSIS = YES;
				CLANG_WARN_STRICT_PROTOTYPES = YES;
				CLANG_WARN_SUSPICIOUS_MOVE = YES;
				CLANG_WARN_UNGUARDED_AVAILABILITY = YES_AGGRESSIVE;
				CLANG_WARN_UNREACHABLE_CODE = YES;
				CLANG_WARN__DUPLICATE_METHOD_MATCH = YES;
				COPY_PHASE_STRIP = NO;
				DEBUG_INFORMATION_FORMAT = "dwarf-with-dsym";
				ENABLE_NS_ASSERTIONS = NO;
				ENABLE_STRICT_OBJC_MSGSEND = YES;
				ENABLE_USER_SCRIPT_SANDBOXING = YES;
				GCC_C_LANGUAGE_STANDARD = gnu17;
				GCC_NO_COMMON_BLOCKS = YES;
				GCC_WARN_64_TO_32_BIT_CONVERSION = YES;
				GCC_WARN_ABOUT_RETURN_TYPE = YES_ERROR;
				GCC_WARN_UNDECLARED_SELECTOR = YES;
				GCC_WARN_UNINITIALIZED_AUTOS = YES_AGGRESSIVE;
				GCC_WARN_UNUSED_FUNCTION = YES;
				GCC_WARN_UNUSED_VARIABLE = YES;
				IPHONEOS_DEPLOYMENT_TARGET = 17.4;
				LOCALIZATION_PREFERS_STRING_CATALOGS = YES;
				MTL_ENABLE_DEBUG_INFO = NO;
				MTL_FAST_MATH = YES;
				SDKROOT = iphoneos;
				SWIFT_COMPILATION_MODE = wholemodule;
				VALIDATE_PRODUCT = YES;
			};
			name = Release;
		};
		C222E22E2BD02B5400818929 /* Debug */ = {
			isa = XCBuildConfiguration;
			buildSettings = {
				ASSETCATALOG_COMPILER_APPICON_NAME = AppIcon;
				ASSETCATALOG_COMPILER_GLOBAL_ACCENT_COLOR_NAME = AccentColor;
				CODE_SIGN_STYLE = Automatic;
				CURRENT_PROJECT_VERSION = 1;
				GENERATE_INFOPLIST_FILE = YES;
				INFOPLIST_FILE = listas/Info.plist;
				INFOPLIST_KEY_UIApplicationSupportsIndirectInputEvents = YES;
				INFOPLIST_KEY_UILaunchStoryboardName = LaunchScreen;
				INFOPLIST_KEY_UIMainStoryboardFile = Main;
				INFOPLIST_KEY_UISupportedInterfaceOrientations_iPad = "UIInterfaceOrientationPortrait UIInterfaceOrientationPortraitUpsideDown UIInterfaceOrientationLandscapeLeft UIInterfaceOrientationLandscapeRight";
				INFOPLIST_KEY_UISupportedInterfaceOrientations_iPhone = "UIInterfaceOrientationPortrait UIInterfaceOrientationLandscapeLeft UIInterfaceOrientationLandscapeRight";
				LD_RUNPATH_SEARCH_PATHS = (
					"$(inherited)",
					"@executable_path/Frameworks",
				);
				MARKETING_VERSION = 1.0;
				PRODUCT_BUNDLE_IDENTIFIER = FCA.listas;
				PRODUCT_NAME = "$(TARGET_NAME)";
				SWIFT_EMIT_LOC_STRINGS = YES;
				SWIFT_VERSION = 5.0;
				TARGETED_DEVICE_FAMILY = "1,2";
			};
			name = Debug;
		};
		C222E22F2BD02B5400818929 /* Release */ = {
			isa = XCBuildConfiguration;
			buildSettings = {
				ASSETCATALOG_COMPILER_APPICON_NAME = AppIcon;
				ASSETCATALOG_COMPILER_GLOBAL_ACCENT_COLOR_NAME = AccentColor;
				CODE_SIGN_STYLE = Automatic;
				CURRENT_PROJECT_VERSION = 1;
				GENERATE_INFOPLIST_FILE = YES;
				INFOPLIST_FILE = listas/Info.plist;
				INFOPLIST_KEY_UIApplicationSupportsIndirectInputEvents = YES;
				INFOPLIST_KEY_UILaunchStoryboardName = LaunchScreen;
				INFOPLIST_KEY_UIMainStoryboardFile = Main;
				INFOPLIST_KEY_UISupportedInterfaceOrientations_iPad = "UIInterfaceOrientationPortrait UIInterfaceOrientationPortraitUpsideDown UIInterfaceOrientationLandscapeLeft UIInterfaceOrientationLandscapeRight";
				INFOPLIST_KEY_UISupportedInterfaceOrientations_iPhone = "UIInterfaceOrientationPortrait UIInterfaceOrientationLandscapeLeft UIInterfaceOrientationLandscapeRight";
				LD_RUNPATH_SEARCH_PATHS = (
					"$(inherited)",
					"@executable_path/Frameworks",
				);
				MARKETING_VERSION = 1.0;
				PRODUCT_BUNDLE_IDENTIFIER = FCA.listas;
				PRODUCT_NAME = "$(TARGET_NAME)";
				SWIFT_EMIT_LOC_STRINGS = YES;
				SWIFT_VERSION = 5.0;
				TARGETED_DEVICE_FAMILY = "1,2";
			};
			name = Release;
		};
/* End XCBuildConfiguration section */

/* Begin XCConfigurationList section */
		C222E2142BD02B5100818929 /* Build configuration list for PBXProject "listas" */ = {
			isa = XCConfigurationList;
			buildConfigurations = (
				C222E22B2BD02B5400818929 /* Debug */,
				C222E22C2BD02B5400818929 /* Release */,
			);
			defaultConfigurationIsVisible = 0;
			defaultConfigurationName = Release;
		};
		C222E22D2BD02B5400818929 /* Build configuration list for PBXNativeTarget "listas" */ = {
			isa = XCConfigurationList;
			buildConfigurations = (
				C222E22E2BD02B5400818929 /* Debug */,
				C222E22F2BD02B5400818929 /* Release */,
			);
			defaultConfigurationIsVisible = 0;
			defaultConfigurationName = Release;
		};
/* End XCConfigurationList section */
	};
	rootObject = C222E2112BD02B5100818929 /* Project object */;
}
