// !$*UTF8*$!
{
	archiveVersion = 1;
	classes = {
	};
	objectVersion = 56;
	objects = {

/* Begin PBXBuildFile section */
		2AC8E3D82BAB37CA00781A9B /* AppDelegate.swift in Sources */ = {isa = PBXBuildFile; fileRef = 2AC8E3D72BAB37CA00781A9B /* AppDelegate.swift */; };
		2AC8E3DA2BAB37CA00781A9B /* SceneDelegate.swift in Sources */ = {isa = PBXBuildFile; fileRef = 2AC8E3D92BAB37CA00781A9B /* SceneDelegate.swift */; };
		2AC8E3DC2BAB37CA00781A9B /* ViewController.swift in Sources */ = {isa = PBXBuildFile; fileRef = 2AC8E3DB2BAB37CA00781A9B /* ViewController.swift */; };
		2AC8E3DF2BAB37CA00781A9B /* Base in Resources */ = {isa = PBXBuildFile; fileRef = 2AC8E3DE2BAB37CA00781A9B /* Base */; };
		2AC8E3E12BAB37CB00781A9B /* Assets.xcassets in Resources */ = {isa = PBXBuildFile; fileRef = 2AC8E3E02BAB37CB00781A9B /* Assets.xcassets */; };
		2AC8E3E42BAB37CB00781A9B /* Base in Resources */ = {isa = PBXBuildFile; fileRef = 2AC8E3E32BAB37CB00781A9B /* Base */; };
		2AC8E3EF2BAB37CB00781A9B /* gato_2Tests.swift in Sources */ = {isa = PBXBuildFile; fileRef = 2AC8E3EE2BAB37CB00781A9B /* gato_2Tests.swift */; };
		2AC8E3F92BAB37CB00781A9B /* gato_2UITests.swift in Sources */ = {isa = PBXBuildFile; fileRef = 2AC8E3F82BAB37CB00781A9B /* gato_2UITests.swift */; };
		2AC8E3FB2BAB37CB00781A9B /* gato_2UITestsLaunchTests.swift in Sources */ = {isa = PBXBuildFile; fileRef = 2AC8E3FA2BAB37CB00781A9B /* gato_2UITestsLaunchTests.swift */; };
/* End PBXBuildFile section */

/* Begin PBXContainerItemProxy section */
		2AC8E3EB2BAB37CB00781A9B /* PBXContainerItemProxy */ = {
			isa = PBXContainerItemProxy;
			containerPortal = 2AC8E3CC2BAB37CA00781A9B /* Project object */;
			proxyType = 1;
			remoteGlobalIDString = 2AC8E3D32BAB37CA00781A9B;
			remoteInfo = "gato 2";
		};
		2AC8E3F52BAB37CB00781A9B /* PBXContainerItemProxy */ = {
			isa = PBXContainerItemProxy;
			containerPortal = 2AC8E3CC2BAB37CA00781A9B /* Project object */;
			proxyType = 1;
			remoteGlobalIDString = 2AC8E3D32BAB37CA00781A9B;
			remoteInfo = "gato 2";
		};
/* End PBXContainerItemProxy section */

/* Begin PBXFileReference section */
		2AC8E3D42BAB37CA00781A9B /* gato 2.app */ = {isa = PBXFileReference; explicitFileType = wrapper.application; includeInIndex = 0; path = "gato 2.app"; sourceTree = BUILT_PRODUCTS_DIR; };
		2AC8E3D72BAB37CA00781A9B /* AppDelegate.swift */ = {isa = PBXFileReference; lastKnownFileType = sourcecode.swift; path = AppDelegate.swift; sourceTree = "<group>"; };
		2AC8E3D92BAB37CA00781A9B /* SceneDelegate.swift */ = {isa = PBXFileReference; lastKnownFileType = sourcecode.swift; path = SceneDelegate.swift; sourceTree = "<group>"; };
		2AC8E3DB2BAB37CA00781A9B /* ViewController.swift */ = {isa = PBXFileReference; lastKnownFileType = sourcecode.swift; path = ViewController.swift; sourceTree = "<group>"; };
		2AC8E3DE2BAB37CA00781A9B /* Base */ = {isa = PBXFileReference; lastKnownFileType = file.storyboard; name = Base; path = Base.lproj/Main.storyboard; sourceTree = "<group>"; };
		2AC8E3E02BAB37CB00781A9B /* Assets.xcassets */ = {isa = PBXFileReference; lastKnownFileType = folder.assetcatalog; path = Assets.xcassets; sourceTree = "<group>"; };
		2AC8E3E32BAB37CB00781A9B /* Base */ = {isa = PBXFileReference; lastKnownFileType = file.storyboard; name = Base; path = Base.lproj/LaunchScreen.storyboard; sourceTree = "<group>"; };
		2AC8E3E52BAB37CB00781A9B /* Info.plist */ = {isa = PBXFileReference; lastKnownFileType = text.plist.xml; path = Info.plist; sourceTree = "<group>"; };
		2AC8E3EA2BAB37CB00781A9B /* gato 2Tests.xctest */ = {isa = PBXFileReference; explicitFileType = wrapper.cfbundle; includeInIndex = 0; path = "gato 2Tests.xctest"; sourceTree = BUILT_PRODUCTS_DIR; };
		2AC8E3EE2BAB37CB00781A9B /* gato_2Tests.swift */ = {isa = PBXFileReference; lastKnownFileType = sourcecode.swift; path = gato_2Tests.swift; sourceTree = "<group>"; };
		2AC8E3F42BAB37CB00781A9B /* gato 2UITests.xctest */ = {isa = PBXFileReference; explicitFileType = wrapper.cfbundle; includeInIndex = 0; path = "gato 2UITests.xctest"; sourceTree = BUILT_PRODUCTS_DIR; };
		2AC8E3F82BAB37CB00781A9B /* gato_2UITests.swift */ = {isa = PBXFileReference; lastKnownFileType = sourcecode.swift; path = gato_2UITests.swift; sourceTree = "<group>"; };
		2AC8E3FA2BAB37CB00781A9B /* gato_2UITestsLaunchTests.swift */ = {isa = PBXFileReference; lastKnownFileType = sourcecode.swift; path = gato_2UITestsLaunchTests.swift; sourceTree = "<group>"; };
/* End PBXFileReference section */

/* Begin PBXFrameworksBuildPhase section */
		2AC8E3D12BAB37CA00781A9B /* Frameworks */ = {
			isa = PBXFrameworksBuildPhase;
			buildActionMask = 2147483647;
			files = (
			);
			runOnlyForDeploymentPostprocessing = 0;
		};
		2AC8E3E72BAB37CB00781A9B /* Frameworks */ = {
			isa = PBXFrameworksBuildPhase;
			buildActionMask = 2147483647;
			files = (
			);
			runOnlyForDeploymentPostprocessing = 0;
		};
		2AC8E3F12BAB37CB00781A9B /* Frameworks */ = {
			isa = PBXFrameworksBuildPhase;
			buildActionMask = 2147483647;
			files = (
			);
			runOnlyForDeploymentPostprocessing = 0;
		};
/* End PBXFrameworksBuildPhase section */

/* Begin PBXGroup section */
		2AC8E3CB2BAB37CA00781A9B = {
			isa = PBXGroup;
			children = (
				2AC8E3D62BAB37CA00781A9B /* gato 2 */,
				2AC8E3ED2BAB37CB00781A9B /* gato 2Tests */,
				2AC8E3F72BAB37CB00781A9B /* gato 2UITests */,
				2AC8E3D52BAB37CA00781A9B /* Products */,
			);
			sourceTree = "<group>";
		};
		2AC8E3D52BAB37CA00781A9B /* Products */ = {
			isa = PBXGroup;
			children = (
				2AC8E3D42BAB37CA00781A9B /* gato 2.app */,
				2AC8E3EA2BAB37CB00781A9B /* gato 2Tests.xctest */,
				2AC8E3F42BAB37CB00781A9B /* gato 2UITests.xctest */,
			);
			name = Products;
			sourceTree = "<group>";
		};
		2AC8E3D62BAB37CA00781A9B /* gato 2 */ = {
			isa = PBXGroup;
			children = (
				2AC8E3D72BAB37CA00781A9B /* AppDelegate.swift */,
				2AC8E3D92BAB37CA00781A9B /* SceneDelegate.swift */,
				2AC8E3DB2BAB37CA00781A9B /* ViewController.swift */,
				2AC8E3DD2BAB37CA00781A9B /* Main.storyboard */,
				2AC8E3E02BAB37CB00781A9B /* Assets.xcassets */,
				2AC8E3E22BAB37CB00781A9B /* LaunchScreen.storyboard */,
				2AC8E3E52BAB37CB00781A9B /* Info.plist */,
			);
			path = "gato 2";
			sourceTree = "<group>";
		};
		2AC8E3ED2BAB37CB00781A9B /* gato 2Tests */ = {
			isa = PBXGroup;
			children = (
				2AC8E3EE2BAB37CB00781A9B /* gato_2Tests.swift */,
			);
			path = "gato 2Tests";
			sourceTree = "<group>";
		};
		2AC8E3F72BAB37CB00781A9B /* gato 2UITests */ = {
			isa = PBXGroup;
			children = (
				2AC8E3F82BAB37CB00781A9B /* gato_2UITests.swift */,
				2AC8E3FA2BAB37CB00781A9B /* gato_2UITestsLaunchTests.swift */,
			);
			path = "gato 2UITests";
			sourceTree = "<group>";
		};
/* End PBXGroup section */

/* Begin PBXNativeTarget section */
		2AC8E3D32BAB37CA00781A9B /* gato 2 */ = {
			isa = PBXNativeTarget;
			buildConfigurationList = 2AC8E3FE2BAB37CB00781A9B /* Build configuration list for PBXNativeTarget "gato 2" */;
			buildPhases = (
				2AC8E3D02BAB37CA00781A9B /* Sources */,
				2AC8E3D12BAB37CA00781A9B /* Frameworks */,
				2AC8E3D22BAB37CA00781A9B /* Resources */,
			);
			buildRules = (
			);
			dependencies = (
			);
			name = "gato 2";
			productName = "gato 2";
			productReference = 2AC8E3D42BAB37CA00781A9B /* gato 2.app */;
			productType = "com.apple.product-type.application";
		};
		2AC8E3E92BAB37CB00781A9B /* gato 2Tests */ = {
			isa = PBXNativeTarget;
			buildConfigurationList = 2AC8E4012BAB37CB00781A9B /* Build configuration list for PBXNativeTarget "gato 2Tests" */;
			buildPhases = (
				2AC8E3E62BAB37CB00781A9B /* Sources */,
				2AC8E3E72BAB37CB00781A9B /* Frameworks */,
				2AC8E3E82BAB37CB00781A9B /* Resources */,
			);
			buildRules = (
			);
			dependencies = (
				2AC8E3EC2BAB37CB00781A9B /* PBXTargetDependency */,
			);
			name = "gato 2Tests";
			productName = "gato 2Tests";
			productReference = 2AC8E3EA2BAB37CB00781A9B /* gato 2Tests.xctest */;
			productType = "com.apple.product-type.bundle.unit-test";
		};
		2AC8E3F32BAB37CB00781A9B /* gato 2UITests */ = {
			isa = PBXNativeTarget;
			buildConfigurationList = 2AC8E4042BAB37CB00781A9B /* Build configuration list for PBXNativeTarget "gato 2UITests" */;
			buildPhases = (
				2AC8E3F02BAB37CB00781A9B /* Sources */,
				2AC8E3F12BAB37CB00781A9B /* Frameworks */,
				2AC8E3F22BAB37CB00781A9B /* Resources */,
			);
			buildRules = (
			);
			dependencies = (
				2AC8E3F62BAB37CB00781A9B /* PBXTargetDependency */,
			);
			name = "gato 2UITests";
			productName = "gato 2UITests";
			productReference = 2AC8E3F42BAB37CB00781A9B /* gato 2UITests.xctest */;
			productType = "com.apple.product-type.bundle.ui-testing";
		};
/* End PBXNativeTarget section */

/* Begin PBXProject section */
		2AC8E3CC2BAB37CA00781A9B /* Project object */ = {
			isa = PBXProject;
			attributes = {
				BuildIndependentTargetsInParallel = 1;
				LastSwiftUpdateCheck = 1530;
				LastUpgradeCheck = 1530;
				TargetAttributes = {
					2AC8E3D32BAB37CA00781A9B = {
						CreatedOnToolsVersion = 15.3;
					};
					2AC8E3E92BAB37CB00781A9B = {
						CreatedOnToolsVersion = 15.3;
						TestTargetID = 2AC8E3D32BAB37CA00781A9B;
					};
					2AC8E3F32BAB37CB00781A9B = {
						CreatedOnToolsVersion = 15.3;
						TestTargetID = 2AC8E3D32BAB37CA00781A9B;
					};
				};
			};
			buildConfigurationList = 2AC8E3CF2BAB37CA00781A9B /* Build configuration list for PBXProject "gato 2" */;
			compatibilityVersion = "Xcode 14.0";
			developmentRegion = en;
			hasScannedForEncodings = 0;
			knownRegions = (
				en,
				Base,
			);
			mainGroup = 2AC8E3CB2BAB37CA00781A9B;
			productRefGroup = 2AC8E3D52BAB37CA00781A9B /* Products */;
			projectDirPath = "";
			projectRoot = "";
			targets = (
				2AC8E3D32BAB37CA00781A9B /* gato 2 */,
				2AC8E3E92BAB37CB00781A9B /* gato 2Tests */,
				2AC8E3F32BAB37CB00781A9B /* gato 2UITests */,
			);
		};
/* End PBXProject section */

/* Begin PBXResourcesBuildPhase section */
		2AC8E3D22BAB37CA00781A9B /* Resources */ = {
			isa = PBXResourcesBuildPhase;
			buildActionMask = 2147483647;
			files = (
				2AC8E3E12BAB37CB00781A9B /* Assets.xcassets in Resources */,
				2AC8E3E42BAB37CB00781A9B /* Base in Resources */,
				2AC8E3DF2BAB37CA00781A9B /* Base in Resources */,
			);
			runOnlyForDeploymentPostprocessing = 0;
		};
		2AC8E3E82BAB37CB00781A9B /* Resources */ = {
			isa = PBXResourcesBuildPhase;
			buildActionMask = 2147483647;
			files = (
			);
			runOnlyForDeploymentPostprocessing = 0;
		};
		2AC8E3F22BAB37CB00781A9B /* Resources */ = {
			isa = PBXResourcesBuildPhase;
			buildActionMask = 2147483647;
			files = (
			);
			runOnlyForDeploymentPostprocessing = 0;
		};
/* End PBXResourcesBuildPhase section */

/* Begin PBXSourcesBuildPhase section */
		2AC8E3D02BAB37CA00781A9B /* Sources */ = {
			isa = PBXSourcesBuildPhase;
			buildActionMask = 2147483647;
			files = (
				2AC8E3DC2BAB37CA00781A9B /* ViewController.swift in Sources */,
				2AC8E3D82BAB37CA00781A9B /* AppDelegate.swift in Sources */,
				2AC8E3DA2BAB37CA00781A9B /* SceneDelegate.swift in Sources */,
			);
			runOnlyForDeploymentPostprocessing = 0;
		};
		2AC8E3E62BAB37CB00781A9B /* Sources */ = {
			isa = PBXSourcesBuildPhase;
			buildActionMask = 2147483647;
			files = (
				2AC8E3EF2BAB37CB00781A9B /* gato_2Tests.swift in Sources */,
			);
			runOnlyForDeploymentPostprocessing = 0;
		};
		2AC8E3F02BAB37CB00781A9B /* Sources */ = {
			isa = PBXSourcesBuildPhase;
			buildActionMask = 2147483647;
			files = (
				2AC8E3FB2BAB37CB00781A9B /* gato_2UITestsLaunchTests.swift in Sources */,
				2AC8E3F92BAB37CB00781A9B /* gato_2UITests.swift in Sources */,
			);
			runOnlyForDeploymentPostprocessing = 0;
		};
/* End PBXSourcesBuildPhase section */

/* Begin PBXTargetDependency section */
		2AC8E3EC2BAB37CB00781A9B /* PBXTargetDependency */ = {
			isa = PBXTargetDependency;
			target = 2AC8E3D32BAB37CA00781A9B /* gato 2 */;
			targetProxy = 2AC8E3EB2BAB37CB00781A9B /* PBXContainerItemProxy */;
		};
		2AC8E3F62BAB37CB00781A9B /* PBXTargetDependency */ = {
			isa = PBXTargetDependency;
			target = 2AC8E3D32BAB37CA00781A9B /* gato 2 */;
			targetProxy = 2AC8E3F52BAB37CB00781A9B /* PBXContainerItemProxy */;
		};
/* End PBXTargetDependency section */

/* Begin PBXVariantGroup section */
		2AC8E3DD2BAB37CA00781A9B /* Main.storyboard */ = {
			isa = PBXVariantGroup;
			children = (
				2AC8E3DE2BAB37CA00781A9B /* Base */,
			);
			name = Main.storyboard;
			sourceTree = "<group>";
		};
		2AC8E3E22BAB37CB00781A9B /* LaunchScreen.storyboard */ = {
			isa = PBXVariantGroup;
			children = (
				2AC8E3E32BAB37CB00781A9B /* Base */,
			);
			name = LaunchScreen.storyboard;
			sourceTree = "<group>";
		};
/* End PBXVariantGroup section */

/* Begin XCBuildConfiguration section */
		2AC8E3FC2BAB37CB00781A9B /* Debug */ = {
			isa = XCBuildConfiguration;
			buildSettings = {
				ALWAYS_SEARCH_USER_PATHS = NO;
				ASSETCATALOG_COMPILER_GENERATE_SWIFT_ASSET_SYMBOL_EXTENSIONS = YES;
				CLANG_ANALYZER_NONNULL = YES;
				CLANG_ANALYZER_NUMBER_OBJECT_CONVERSION = YES_AGGRESSIVE;
				CLANG_CXX_LANGUAGE_STANDARD = "gnu++20";
				CLANG_ENABLE_MODULES = YES;
				CLANG_ENABLE_OBJC_ARC = YES;
				CLANG_ENABLE_OBJC_WEAK = YES;
				CLANG_WARN_BLOCK_CAPTURE_AUTORELEASING = YES;
				CLANG_WARN_BOOL_CONVERSION = YES;
				CLANG_WARN_COMMA = YES;
				CLANG_WARN_CONSTANT_CONVERSION = YES;
				CLANG_WARN_DEPRECATED_OBJC_IMPLEMENTATIONS = YES;
				CLANG_WARN_DIRECT_OBJC_ISA_USAGE = YES_ERROR;
				CLANG_WARN_DOCUMENTATION_COMMENTS = YES;
				CLANG_WARN_EMPTY_BODY = YES;
				CLANG_WARN_ENUM_CONVERSION = YES;
				CLANG_WARN_INFINITE_RECURSION = YES;
				CLANG_WARN_INT_CONVERSION = YES;
				CLANG_WARN_NON_LITERAL_NULL_CONVERSION = YES;
				CLANG_WARN_OBJC_IMPLICIT_RETAIN_SELF = YES;
				CLANG_WARN_OBJC_LITERAL_CONVERSION = YES;
				CLANG_WARN_OBJC_ROOT_CLASS = YES_ERROR;
				CLANG_WARN_QUOTED_INCLUDE_IN_FRAMEWORK_HEADER = YES;
				CLANG_WARN_RANGE_LOOP_ANALYSIS = YES;
				CLANG_WARN_STRICT_PROTOTYPES = YES;
				CLANG_WARN_SUSPICIOUS_MOVE = YES;
				CLANG_WARN_UNGUARDED_AVAILABILITY = YES_AGGRESSIVE;
				CLANG_WARN_UNREACHABLE_CODE = YES;
				CLANG_WARN__DUPLICATE_METHOD_MATCH = YES;
				COPY_PHASE_STRIP = NO;
				DEBUG_INFORMATION_FORMAT = dwarf;
				ENABLE_STRICT_OBJC_MSGSEND = YES;
				ENABLE_TESTABILITY = YES;
				ENABLE_USER_SCRIPT_SANDBOXING = YES;
				GCC_C_LANGUAGE_STANDARD = gnu17;
				GCC_DYNAMIC_NO_PIC = NO;
				GCC_NO_COMMON_BLOCKS = YES;
				GCC_OPTIMIZATION_LEVEL = 0;
				GCC_PREPROCESSOR_DEFINITIONS = (
					"DEBUG=1",
					"$(inherited)",
				);
				GCC_WARN_64_TO_32_BIT_CONVERSION = YES;
				GCC_WARN_ABOUT_RETURN_TYPE = YES_ERROR;
				GCC_WARN_UNDECLARED_SELECTOR = YES;
				GCC_WARN_UNINITIALIZED_AUTOS = YES_AGGRESSIVE;
				GCC_WARN_UNUSED_FUNCTION = YES;
				GCC_WARN_UNUSED_VARIABLE = YES;
				IPHONEOS_DEPLOYMENT_TARGET = 17.4;
				LOCALIZATION_PREFERS_STRING_CATALOGS = YES;
				MTL_ENABLE_DEBUG_INFO = INCLUDE_SOURCE;
				MTL_FAST_MATH = YES;
				ONLY_ACTIVE_ARCH = YES;
				SDKROOT = iphoneos;
				SWIFT_ACTIVE_COMPILATION_CONDITIONS = "DEBUG $(inherited)";
				SWIFT_OPTIMIZATION_LEVEL = "-Onone";
			};
			name = Debug;
		};
		2AC8E3FD2BAB37CB00781A9B /* Release */ = {
			isa = XCBuildConfiguration;
			buildSettings = {
				ALWAYS_SEARCH_USER_PATHS = NO;
				ASSETCATALOG_COMPILER_GENERATE_SWIFT_ASSET_SYMBOL_EXTENSIONS = YES;
				CLANG_ANALYZER_NONNULL = YES;
				CLANG_ANALYZER_NUMBER_OBJECT_CONVERSION = YES_AGGRESSIVE;
				CLANG_CXX_LANGUAGE_STANDARD = "gnu++20";
				CLANG_ENABLE_MODULES = YES;
				CLANG_ENABLE_OBJC_ARC = YES;
				CLANG_ENABLE_OBJC_WEAK = YES;
				CLANG_WARN_BLOCK_CAPTURE_AUTORELEASING = YES;
				CLANG_WARN_BOOL_CONVERSION = YES;
				CLANG_WARN_COMMA = YES;
				CLANG_WARN_CONSTANT_CONVERSION = YES;
				CLANG_WARN_DEPRECATED_OBJC_IMPLEMENTATIONS = YES;
				CLANG_WARN_DIRECT_OBJC_ISA_USAGE = YES_ERROR;
				CLANG_WARN_DOCUMENTATION_COMMENTS = YES;
				CLANG_WARN_EMPTY_BODY = YES;
				CLANG_WARN_ENUM_CONVERSION = YES;
				CLANG_WARN_INFINITE_RECURSION = YES;
				CLANG_WARN_INT_CONVERSION = YES;
				CLANG_WARN_NON_LITERAL_NULL_CONVERSION = YES;
				CLANG_WARN_OBJC_IMPLICIT_RETAIN_SELF = YES;
				CLANG_WARN_OBJC_LITERAL_CONVERSION = YES;
				CLANG_WARN_OBJC_ROOT_CLASS = YES_ERROR;
				CLANG_WARN_QUOTED_INCLUDE_IN_FRAMEWORK_HEADER = YES;
				CLANG_WARN_RANGE_LOOP_ANALYSIS = YES;
				CLANG_WARN_STRICT_PROTOTYPES = YES;
				CLANG_WARN_SUSPICIOUS_MOVE = YES;
				CLANG_WARN_UNGUARDED_AVAILABILITY = YES_AGGRESSIVE;
				CLANG_WARN_UNREACHABLE_CODE = YES;
				CLANG_WARN__DUPLICATE_METHOD_MATCH = YES;
				COPY_PHASE_STRIP = NO;
				DEBUG_INFORMATION_FORMAT = "dwarf-with-dsym";
				ENABLE_NS_ASSERTIONS = NO;
				ENABLE_STRICT_OBJC_MSGSEND = YES;
				ENABLE_USER_SCRIPT_SANDBOXING = YES;
				GCC_C_LANGUAGE_STANDARD = gnu17;
				GCC_NO_COMMON_BLOCKS = YES;
				GCC_WARN_64_TO_32_BIT_CONVERSION = YES;
				GCC_WARN_ABOUT_RETURN_TYPE = YES_ERROR;
				GCC_WARN_UNDECLARED_SELECTOR = YES;
				GCC_WARN_UNINITIALIZED_AUTOS = YES_AGGRESSIVE;
				GCC_WARN_UNUSED_FUNCTION = YES;
				GCC_WARN_UNUSED_VARIABLE = YES;
				IPHONEOS_DEPLOYMENT_TARGET = 17.4;
				LOCALIZATION_PREFERS_STRING_CATALOGS = YES;
				MTL_ENABLE_DEBUG_INFO = NO;
				MTL_FAST_MATH = YES;
				SDKROOT = iphoneos;
				SWIFT_COMPILATION_MODE = wholemodule;
				VALIDATE_PRODUCT = YES;
			};
			name = Release;
		};
		2AC8E3FF2BAB37CB00781A9B /* Debug */ = {
			isa = XCBuildConfiguration;
			buildSettings = {
				ASSETCATALOG_COMPILER_APPICON_NAME = AppIcon;
				ASSETCATALOG_COMPILER_GLOBAL_ACCENT_COLOR_NAME = AccentColor;
				CODE_SIGN_STYLE = Automatic;
				CURRENT_PROJECT_VERSION = 1;
				GENERATE_INFOPLIST_FILE = YES;
				INFOPLIST_FILE = "gato 2/Info.plist";
				INFOPLIST_KEY_UIApplicationSupportsIndirectInputEvents = YES;
				INFOPLIST_KEY_UILaunchStoryboardName = LaunchScreen;
				INFOPLIST_KEY_UIMainStoryboardFile = Main;
				INFOPLIST_KEY_UISupportedInterfaceOrientations_iPad = "UIInterfaceOrientationPortrait UIInterfaceOrientationPortraitUpsideDown UIInterfaceOrientationLandscapeLeft UIInterfaceOrientationLandscapeRight";
				INFOPLIST_KEY_UISupportedInterfaceOrientations_iPhone = "UIInterfaceOrientationPortrait UIInterfaceOrientationLandscapeLeft UIInterfaceOrientationLandscapeRight";
				LD_RUNPATH_SEARCH_PATHS = (
					"$(inherited)",
					"@executable_path/Frameworks",
				);
				MARKETING_VERSION = 1.0;
				PRODUCT_BUNDLE_IDENTIFIER = "swift.gato-2";
				PRODUCT_NAME = "$(TARGET_NAME)";
				SWIFT_EMIT_LOC_STRINGS = YES;
				SWIFT_VERSION = 5.0;
				TARGETED_DEVICE_FAMILY = "1,2";
			};
			name = Debug;
		};
		2AC8E4002BAB37CB00781A9B /* Release */ = {
			isa = XCBuildConfiguration;
			buildSettings = {
				ASSETCATALOG_COMPILER_APPICON_NAME = AppIcon;
				ASSETCATALOG_COMPILER_GLOBAL_ACCENT_COLOR_NAME = AccentColor;
				CODE_SIGN_STYLE = Automatic;
				CURRENT_PROJECT_VERSION = 1;
				GENERATE_INFOPLIST_FILE = YES;
				INFOPLIST_FILE = "gato 2/Info.plist";
				INFOPLIST_KEY_UIApplicationSupportsIndirectInputEvents = YES;
				INFOPLIST_KEY_UILaunchStoryboardName = LaunchScreen;
				INFOPLIST_KEY_UIMainStoryboardFile = Main;
				INFOPLIST_KEY_UISupportedInterfaceOrientations_iPad = "UIInterfaceOrientationPortrait UIInterfaceOrientationPortraitUpsideDown UIInterfaceOrientationLandscapeLeft UIInterfaceOrientationLandscapeRight";
				INFOPLIST_KEY_UISupportedInterfaceOrientations_iPhone = "UIInterfaceOrientationPortrait UIInterfaceOrientationLandscapeLeft UIInterfaceOrientationLandscapeRight";
				LD_RUNPATH_SEARCH_PATHS = (
					"$(inherited)",
					"@executable_path/Frameworks",
				);
				MARKETING_VERSION = 1.0;
				PRODUCT_BUNDLE_IDENTIFIER = "swift.gato-2";
				PRODUCT_NAME = "$(TARGET_NAME)";
				SWIFT_EMIT_LOC_STRINGS = YES;
				SWIFT_VERSION = 5.0;
				TARGETED_DEVICE_FAMILY = "1,2";
			};
			name = Release;
		};
		2AC8E4022BAB37CB00781A9B /* Debug */ = {
			isa = XCBuildConfiguration;
			buildSettings = {
				ALWAYS_EMBED_SWIFT_STANDARD_LIBRARIES = YES;
				BUNDLE_LOADER = "$(TEST_HOST)";
				CODE_SIGN_STYLE = Automatic;
				CURRENT_PROJECT_VERSION = 1;
				GENERATE_INFOPLIST_FILE = YES;
				IPHONEOS_DEPLOYMENT_TARGET = 17.4;
				MARKETING_VERSION = 1.0;
				PRODUCT_BUNDLE_IDENTIFIER = "swift.gato-2Tests";
				PRODUCT_NAME = "$(TARGET_NAME)";
				SWIFT_EMIT_LOC_STRINGS = NO;
				SWIFT_VERSION = 5.0;
				TARGETED_DEVICE_FAMILY = "1,2";
				TEST_HOST = "$(BUILT_PRODUCTS_DIR)/gato 2.app/$(BUNDLE_EXECUTABLE_FOLDER_PATH)/gato 2";
			};
			name = Debug;
		};
		2AC8E4032BAB37CB00781A9B /* Release */ = {
			isa = XCBuildConfiguration;
			buildSettings = {
				ALWAYS_EMBED_SWIFT_STANDARD_LIBRARIES = YES;
				BUNDLE_LOADER = "$(TEST_HOST)";
				CODE_SIGN_STYLE = Automatic;
				CURRENT_PROJECT_VERSION = 1;
				GENERATE_INFOPLIST_FILE = YES;
				IPHONEOS_DEPLOYMENT_TARGET = 17.4;
				MARKETING_VERSION = 1.0;
				PRODUCT_BUNDLE_IDENTIFIER = "swift.gato-2Tests";
				PRODUCT_NAME = "$(TARGET_NAME)";
				SWIFT_EMIT_LOC_STRINGS = NO;
				SWIFT_VERSION = 5.0;
				TARGETED_DEVICE_FAMILY = "1,2";
				TEST_HOST = "$(BUILT_PRODUCTS_DIR)/gato 2.app/$(BUNDLE_EXECUTABLE_FOLDER_PATH)/gato 2";
			};
			name = Release;
		};
		2AC8E4052BAB37CB00781A9B /* Debug */ = {
			isa = XCBuildConfiguration;
			buildSettings = {
				ALWAYS_EMBED_SWIFT_STANDARD_LIBRARIES = YES;
				CODE_SIGN_STYLE = Automatic;
				CURRENT_PROJECT_VERSION = 1;
				GENERATE_INFOPLIST_FILE = YES;
				MARKETING_VERSION = 1.0;
				PRODUCT_BUNDLE_IDENTIFIER = "swift.gato-2UITests";
				PRODUCT_NAME = "$(TARGET_NAME)";
				SWIFT_EMIT_LOC_STRINGS = NO;
				SWIFT_VERSION = 5.0;
				TARGETED_DEVICE_FAMILY = "1,2";
				TEST_TARGET_NAME = "gato 2";
			};
			name = Debug;
		};
		2AC8E4062BAB37CB00781A9B /* Release */ = {
			isa = XCBuildConfiguration;
			buildSettings = {
				ALWAYS_EMBED_SWIFT_STANDARD_LIBRARIES = YES;
				CODE_SIGN_STYLE = Automatic;
				CURRENT_PROJECT_VERSION = 1;
				GENERATE_INFOPLIST_FILE = YES;
				MARKETING_VERSION = 1.0;
				PRODUCT_BUNDLE_IDENTIFIER = "swift.gato-2UITests";
				PRODUCT_NAME = "$(TARGET_NAME)";
				SWIFT_EMIT_LOC_STRINGS = NO;
				SWIFT_VERSION = 5.0;
				TARGETED_DEVICE_FAMILY = "1,2";
				TEST_TARGET_NAME = "gato 2";
			};
			name = Release;
		};
/* End XCBuildConfiguration section */

/* Begin XCConfigurationList section */
		2AC8E3CF2BAB37CA00781A9B /* Build configuration list for PBXProject "gato 2" */ = {
			isa = XCConfigurationList;
			buildConfigurations = (
				2AC8E3FC2BAB37CB00781A9B /* Debug */,
				2AC8E3FD2BAB37CB00781A9B /* Release */,
			);
			defaultConfigurationIsVisible = 0;
			defaultConfigurationName = Release;
		};
		2AC8E3FE2BAB37CB00781A9B /* Build configuration list for PBXNativeTarget "gato 2" */ = {
			isa = XCConfigurationList;
			buildConfigurations = (
				2AC8E3FF2BAB37CB00781A9B /* Debug */,
				2AC8E4002BAB37CB00781A9B /* Release */,
			);
			defaultConfigurationIsVisible = 0;
			defaultConfigurationName = Release;
		};
		2AC8E4012BAB37CB00781A9B /* Build configuration list for PBXNativeTarget "gato 2Tests" */ = {
			isa = XCConfigurationList;
			buildConfigurations = (
				2AC8E4022BAB37CB00781A9B /* Debug */,
				2AC8E4032BAB37CB00781A9B /* Release */,
			);
			defaultConfigurationIsVisible = 0;
			defaultConfigurationName = Release;
		};
		2AC8E4042BAB37CB00781A9B /* Build configuration list for PBXNativeTarget "gato 2UITests" */ = {
			isa = XCConfigurationList;
			buildConfigurations = (
				2AC8E4052BAB37CB00781A9B /* Debug */,
				2AC8E4062BAB37CB00781A9B /* Release */,
			);
			defaultConfigurationIsVisible = 0;
			defaultConfigurationName = Release;
		};
/* End XCConfigurationList section */
	};
	rootObject = 2AC8E3CC2BAB37CA00781A9B /* Project object */;
}
